// !$*UTF8*$!
{
	archiveVersion = 1;
	classes = {
	};
	objectVersion = 50;
	objects = {

/* Begin PBXBuildFile section */
		86026286254D72EA0085ACD5 /* PurchaseCalculatorApp.swift in Sources */ = {isa = PBXBuildFile; fileRef = 86026285254D72EA0085ACD5 /* PurchaseCalculatorApp.swift */; };
		86026288254D72EA0085ACD5 /* HomescreenView.swift in Sources */ = {isa = PBXBuildFile; fileRef = 86026287254D72EA0085ACD5 /* HomescreenView.swift */; };
		8602628D254D72EC0085ACD5 /* Preview Assets.xcassets in Resources */ = {isa = PBXBuildFile; fileRef = 8602628C254D72EC0085ACD5 /* Preview Assets.xcassets */; };
		86026298254D72EC0085ACD5 /* PurchaseCalculatorTests.swift in Sources */ = {isa = PBXBuildFile; fileRef = 86026297254D72EC0085ACD5 /* PurchaseCalculatorTests.swift */; };
		86026CB0259491310047296F /* EvaluationCalculationView.swift in Sources */ = {isa = PBXBuildFile; fileRef = 86026CAF259491310047296F /* EvaluationCalculationView.swift */; };
		8609E63F25A0C1C400FE0604 /* BlockContainer.swift in Sources */ = {isa = PBXBuildFile; fileRef = 8609E63E25A0C1C400FE0604 /* BlockContainer.swift */; };
		860EC84925A79FD6007DB05C /* StringFormatterKey.swift in Sources */ = {isa = PBXBuildFile; fileRef = 860EC84825A79FD6007DB05C /* StringFormatterKey.swift */; };
		8620FA68257CDEB70005D8AF /* HomeButtonView.swift in Sources */ = {isa = PBXBuildFile; fileRef = 8620FA67257CDEB70005D8AF /* HomeButtonView.swift */; };
		8620FA6E257CDF880005D8AF /* BasicNavigationView.swift in Sources */ = {isa = PBXBuildFile; fileRef = 8620FA6D257CDF880005D8AF /* BasicNavigationView.swift */; };
		8620FA71257CDFBA0005D8AF /* StackPopButtonWithImageView.swift in Sources */ = {isa = PBXBuildFile; fileRef = 8620FA70257CDFBA0005D8AF /* StackPopButtonWithImageView.swift */; };
		8620FA75257CE4C10005D8AF /* ButtonWithImageView.swift in Sources */ = {isa = PBXBuildFile; fileRef = 8620FA74257CE4C10005D8AF /* ButtonWithImageView.swift */; };
		8620FA7A257CF1520005D8AF /* KeyboardListener.swift in Sources */ = {isa = PBXBuildFile; fileRef = 8620FA79257CF1520005D8AF /* KeyboardListener.swift */; };
		8620FA7E257CF5890005D8AF /* BorderedButtonView.swift in Sources */ = {isa = PBXBuildFile; fileRef = 8620FA7D257CF5890005D8AF /* BorderedButtonView.swift */; };
		8620FA81257D3DBF0005D8AF /* StepperWithFillingRectangles.swift in Sources */ = {isa = PBXBuildFile; fileRef = 8620FA80257D3DBF0005D8AF /* StepperWithFillingRectangles.swift */; };
		8620FA84257D3E110005D8AF /* TextFieldWithLimitView.swift in Sources */ = {isa = PBXBuildFile; fileRef = 8620FA83257D3E110005D8AF /* TextFieldWithLimitView.swift */; };
		8620FA87257D3E3C0005D8AF /* TextFieldWithSegmentedPickerView.swift in Sources */ = {isa = PBXBuildFile; fileRef = 8620FA86257D3E3C0005D8AF /* TextFieldWithSegmentedPickerView.swift */; };
		862A150725A3A5FC00DD4919 /* AttributeEvaluationStringFormatter.swift in Sources */ = {isa = PBXBuildFile; fileRef = 862A150625A3A5FC00DD4919 /* AttributeEvaluationStringFormatter.swift */; };
		862A150A25A3A62D00DD4919 /* StringFormatter.swift in Sources */ = {isa = PBXBuildFile; fileRef = 862A150925A3A62D00DD4919 /* StringFormatter.swift */; };
		862C4F0B259F77430048103C /* ScreenBlockHelper.swift in Sources */ = {isa = PBXBuildFile; fileRef = 862C4F0A259F77430048103C /* ScreenBlockHelper.swift */; };
		862C4F0E259F786B0048103C /* ScreenBlock.swift in Sources */ = {isa = PBXBuildFile; fileRef = 862C4F0D259F786B0048103C /* ScreenBlock.swift */; };
		862ED0742573BA5D005F4FCF /* GlobalModifiers.swift in Sources */ = {isa = PBXBuildFile; fileRef = 862ED0732573BA5D005F4FCF /* GlobalModifiers.swift */; };
		862ED0772573F3AC005F4FCF /* RowViewWithButton.swift in Sources */ = {isa = PBXBuildFile; fileRef = 862ED0762573F3AC005F4FCF /* RowViewWithButton.swift */; };
		862ED07C2574364C005F4FCF /* ListContainerView.swift in Sources */ = {isa = PBXBuildFile; fileRef = 862ED07B2574364C005F4FCF /* ListContainerView.swift */; };
		862ED08025743683005F4FCF /* NavigationLinkedRowView.swift in Sources */ = {isa = PBXBuildFile; fileRef = 862ED07F25743683005F4FCF /* NavigationLinkedRowView.swift */; };
		864016492589FCCA00B78BE9 /* LaunchHelper.swift in Sources */ = {isa = PBXBuildFile; fileRef = 864016482589FCCA00B78BE9 /* LaunchHelper.swift */; };
		86446FE725582CF300D0AC5E /* PotentialPurchase+CoreDataProperties.swift.swift in Sources */ = {isa = PBXBuildFile; fileRef = 86446FE625582CF300D0AC5E /* PotentialPurchase+CoreDataProperties.swift.swift */; };
		864BDDCB2597AAE500CC6628 /* PurchaseCalculatorDataKit.framework in Frameworks */ = {isa = PBXBuildFile; fileRef = 8625C4A0259259B8006B29BA /* PurchaseCalculatorDataKit.framework */; };
		864BDDCC2597AAE500CC6628 /* PurchaseCalculatorDataKit.framework in Embed Frameworks */ = {isa = PBXBuildFile; fileRef = 8625C4A0259259B8006B29BA /* PurchaseCalculatorDataKit.framework */; settings = {ATTRIBUTES = (CodeSignOnCopy, RemoveHeadersOnCopy, ); }; };
		864BDDCF2598A2F100CC6628 /* BasicSummaryView.swift in Sources */ = {isa = PBXBuildFile; fileRef = 864BDDCE2598A2F100CC6628 /* BasicSummaryView.swift */; };
		864BDDD22598A31000CC6628 /* DetailedSummaryView.swift in Sources */ = {isa = PBXBuildFile; fileRef = 864BDDD12598A31000CC6628 /* DetailedSummaryView.swift */; };
		864BDDD52598A35800CC6628 /* BasicSummaryBulletView.swift in Sources */ = {isa = PBXBuildFile; fileRef = 864BDDD42598A35800CC6628 /* BasicSummaryBulletView.swift */; };
		864BDDD82598A3C200CC6628 /* EvaluationReportView.swift in Sources */ = {isa = PBXBuildFile; fileRef = 864BDDD72598A3C200CC6628 /* EvaluationReportView.swift */; };
		864BDDE42599CC8200CC6628 /* ColorManager.swift in Sources */ = {isa = PBXBuildFile; fileRef = 864BDDE32599CC8200CC6628 /* ColorManager.swift */; };
		8655AFB625A9D13400A282B9 /* PurchaseAttributeEvaluationFormatter.swift in Sources */ = {isa = PBXBuildFile; fileRef = 8655AFB525A9D13400A282B9 /* PurchaseAttributeEvaluationFormatter.swift */; };
		8655AFBA25A9EA5D00A282B9 /* CTAButton.swift in Sources */ = {isa = PBXBuildFile; fileRef = 8655AFB925A9EA5D00A282B9 /* CTAButton.swift */; };
		8655AFBE25A9EB7100A282B9 /* PulsingButtonStyle.swift in Sources */ = {isa = PBXBuildFile; fileRef = 8655AFBD25A9EB7100A282B9 /* PulsingButtonStyle.swift */; };
		8655AFEA25AB150600A282B9 /* EmptorColorSchemeAdaptingView.swift in Sources */ = {isa = PBXBuildFile; fileRef = 8655AFE925AB150600A282B9 /* EmptorColorSchemeAdaptingView.swift */; };
		8655AFED25AB475300A282B9 /* Color+Extensions.swift in Sources */ = {isa = PBXBuildFile; fileRef = 8655AFEC25AB475300A282B9 /* Color+Extensions.swift */; };
		8655AFF025AB5A4700A282B9 /* ReportTitleView.swift in Sources */ = {isa = PBXBuildFile; fileRef = 8655AFEF25AB5A4700A282B9 /* ReportTitleView.swift */; };
		8655AFF325AB5A9600A282B9 /* InspectionRowView.swift in Sources */ = {isa = PBXBuildFile; fileRef = 8655AFF225AB5A9600A282B9 /* InspectionRowView.swift */; };
		8655AFF625AB5AAB00A282B9 /* ReportRowView.swift in Sources */ = {isa = PBXBuildFile; fileRef = 8655AFF525AB5AAB00A282B9 /* ReportRowView.swift */; };
		865AD2D72579763100FFE257 /* PurchaseItemViewModel.swift in Sources */ = {isa = PBXBuildFile; fileRef = 865AD2D62579763100FFE257 /* PurchaseItemViewModel.swift */; };
		865C35F7259DE15800E0F7B5 /* NewUserHomescreen.swift in Sources */ = {isa = PBXBuildFile; fileRef = 865C35F6259DE15800E0F7B5 /* NewUserHomescreen.swift */; };
		865C3603259DE37900E0F7B5 /* UserPreferencesForm.swift in Sources */ = {isa = PBXBuildFile; fileRef = 865C3602259DE37900E0F7B5 /* UserPreferencesForm.swift */; };
		865C3607259DE3A200E0F7B5 /* PurchaseAttributeWeightingSelectionView.swift in Sources */ = {isa = PBXBuildFile; fileRef = 865C3606259DE3A200E0F7B5 /* PurchaseAttributeWeightingSelectionView.swift */; };
		86685D0B2561603000F139D7 /* GlobalEnums.swift in Sources */ = {isa = PBXBuildFile; fileRef = 86685D0A2561603000F139D7 /* GlobalEnums.swift */; };
		8669FFE6257C1D8B00DD28F4 /* HomeViewModel.swift in Sources */ = {isa = PBXBuildFile; fileRef = 8669FFE5257C1D8B00DD28F4 /* HomeViewModel.swift */; };
		866E3DC725933EAD00A35313 /* SpecificPurchaseUnitSelectionViewModel.swift in Sources */ = {isa = PBXBuildFile; fileRef = 866E3DC625933EAD00A35313 /* SpecificPurchaseUnitSelectionViewModel.swift */; };
		866E3DCB25938C9000A35313 /* ExpandableRowView.swift in Sources */ = {isa = PBXBuildFile; fileRef = 866E3DCA25938C9000A35313 /* ExpandableRowView.swift */; };
		866E3DCF25938CC900A35313 /* OpacityReducingRowView.swift in Sources */ = {isa = PBXBuildFile; fileRef = 866E3DCE25938CC900A35313 /* OpacityReducingRowView.swift */; };
		866E3DD525938D3900A35313 /* Divider.swift in Sources */ = {isa = PBXBuildFile; fileRef = 866E3DD425938D3900A35313 /* Divider.swift */; };
		866E3DDB25938EBB00A35313 /* PriceFormatter.swift in Sources */ = {isa = PBXBuildFile; fileRef = 866E3DDA25938EBB00A35313 /* PriceFormatter.swift */; };
		8675643325B044F4000C0B79 /* SpecificPurchaseUnitFormatter.swift in Sources */ = {isa = PBXBuildFile; fileRef = 8675643225B044F4000C0B79 /* SpecificPurchaseUnitFormatter.swift */; };
		8675643C25B0A74A000C0B79 /* Evaluation+CoreDataClass.swift in Sources */ = {isa = PBXBuildFile; fileRef = 8675643825B0A74A000C0B79 /* Evaluation+CoreDataClass.swift */; };
		8675643D25B0A74A000C0B79 /* AttributeEvaluation+CoreDataProperties.swift in Sources */ = {isa = PBXBuildFile; fileRef = 8675643B25B0A74A000C0B79 /* AttributeEvaluation+CoreDataProperties.swift */; };
		8675643E25B0A74A000C0B79 /* AttributeEvaluation+CoreDataClass.swift in Sources */ = {isa = PBXBuildFile; fileRef = 8675643A25B0A74A000C0B79 /* AttributeEvaluation+CoreDataClass.swift */; };
		8675643F25B0A74A000C0B79 /* Evaluation+CoreDataProperties.swift in Sources */ = {isa = PBXBuildFile; fileRef = 8675643925B0A74A000C0B79 /* Evaluation+CoreDataProperties.swift */; };
		8675644225B0A8BA000C0B79 /* EvaluationResult.swift in Sources */ = {isa = PBXBuildFile; fileRef = 8675644125B0A8BA000C0B79 /* EvaluationResult.swift */; };
		8675644625B0A930000C0B79 /* Evaluation+Extensions.swift in Sources */ = {isa = PBXBuildFile; fileRef = 8675644525B0A930000C0B79 /* Evaluation+Extensions.swift */; };
		8675644925B0A9F8000C0B79 /* SystemKit.framework in Frameworks */ = {isa = PBXBuildFile; fileRef = 8675644825B0A9F8000C0B79 /* SystemKit.framework */; };
		8675644A25B0A9F8000C0B79 /* SystemKit.framework in Embed Frameworks */ = {isa = PBXBuildFile; fileRef = 8675644825B0A9F8000C0B79 /* SystemKit.framework */; settings = {ATTRIBUTES = (CodeSignOnCopy, RemoveHeadersOnCopy, ); }; };
		86789F08254D9D5E00A198C0 /* PurchaseCategory.swift in Sources */ = {isa = PBXBuildFile; fileRef = 86789F07254D9D5E00A198C0 /* PurchaseCategory.swift */; };
		867E2A8B25559493002B618C /* PotentialPurchase+CoreDataClass.swift in Sources */ = {isa = PBXBuildFile; fileRef = 867E2A8925559493002B618C /* PotentialPurchase+CoreDataClass.swift */; };
		86812DDA255588EE00C1245E /* PurchaseCalculatorDataModel.xcdatamodeld in Sources */ = {isa = PBXBuildFile; fileRef = 86812DD8255588EE00C1245E /* PurchaseCalculatorDataModel.xcdatamodeld */; };
		86812DE0255589D100C1245E /* AppDelegate.swift in Sources */ = {isa = PBXBuildFile; fileRef = 86812DDF255589D100C1245E /* AppDelegate.swift */; };
		868A49A92584C63A00CDDE83 /* PurchaseBrand.swift in Sources */ = {isa = PBXBuildFile; fileRef = 868A49A82584C63A00CDDE83 /* PurchaseBrand.swift */; };
		868CCB2825582EA700C96CFD /* CoreDataManager.swift in Sources */ = {isa = PBXBuildFile; fileRef = 868CCB2725582EA700C96CFD /* CoreDataManager.swift */; };
		868CCB2D2558331700C96CFD /* UserPreferencesView.swift in Sources */ = {isa = PBXBuildFile; fileRef = 868CCB2C2558331700C96CFD /* UserPreferencesView.swift */; };
		868CCB3625583F6C00C96CFD /* UserPreferencesViewModel.swift in Sources */ = {isa = PBXBuildFile; fileRef = 868CCB3525583F6C00C96CFD /* UserPreferencesViewModel.swift */; };
		868CCB452558446500C96CFD /* PurchaseAttributeValue+CoreDataClass.swift in Sources */ = {isa = PBXBuildFile; fileRef = 868CCB412558446500C96CFD /* PurchaseAttributeValue+CoreDataClass.swift */; };
		868CCB462558446500C96CFD /* PurchaseAttributeValue+CoreDataProperties.swift in Sources */ = {isa = PBXBuildFile; fileRef = 868CCB422558446500C96CFD /* PurchaseAttributeValue+CoreDataProperties.swift */; };
		868CCB472558446500C96CFD /* User+CoreDataClass.swift in Sources */ = {isa = PBXBuildFile; fileRef = 868CCB432558446500C96CFD /* User+CoreDataClass.swift */; };
		868CCB482558446500C96CFD /* User+CoreDataProperties.swift in Sources */ = {isa = PBXBuildFile; fileRef = 868CCB442558446500C96CFD /* User+CoreDataProperties.swift */; };
		868FC24A25800E24002B9C01 /* SpecificPurchaseUnit.swift in Sources */ = {isa = PBXBuildFile; fileRef = 868FC24925800E24002B9C01 /* SpecificPurchaseUnit.swift */; };
		86987068254DAE8B0029B2DE /* Calculator.swift in Sources */ = {isa = PBXBuildFile; fileRef = 860262B4254D733E0085ACD5 /* Calculator.swift */; };
		869CA33E256AA1F8000022F7 /* PurchaseAttributeMultiplierGroup.swift in Sources */ = {isa = PBXBuildFile; fileRef = 869CA33D256AA1F8000022F7 /* PurchaseAttributeMultiplierGroup.swift */; };
		869CA342256AB15F000022F7 /* PurchaseAttribute.swift in Sources */ = {isa = PBXBuildFile; fileRef = 869CA341256AB15F000022F7 /* PurchaseAttribute.swift */; };
		869CA349256AB8D5000022F7 /* EvaluationManager.swift in Sources */ = {isa = PBXBuildFile; fileRef = 869CA348256AB8D5000022F7 /* EvaluationManager.swift */; };
		869F91F82584040B00DEB7F5 /* SpecificPurchaseUnitGroup.swift in Sources */ = {isa = PBXBuildFile; fileRef = 869F91F72584040B00DEB7F5 /* SpecificPurchaseUnitGroup.swift */; };
		86A53C242556AD6B0055C0B9 /* Assets.xcassets in Resources */ = {isa = PBXBuildFile; fileRef = 86A53C232556AD6B0055C0B9 /* Assets.xcassets */; };
		86B1EED72572A48F00526DE9 /* PropertyWrappers.swift in Sources */ = {isa = PBXBuildFile; fileRef = 86B1EED62572A48F00526DE9 /* PropertyWrappers.swift */; };
		86B4F7A4258163B300CBE827 /* PurchaseItemGroup.swift in Sources */ = {isa = PBXBuildFile; fileRef = 86B4F7A3258163B300CBE827 /* PurchaseItemGroup.swift */; };
		86B9607E259B365D00F1D5A6 /* Spartan-VariableFont_wght.ttf in Resources */ = {isa = PBXBuildFile; fileRef = 86B9607D259B365D00F1D5A6 /* Spartan-VariableFont_wght.ttf */; };
		86B96092259B408300F1D5A6 /* WelcomeView.swift in Sources */ = {isa = PBXBuildFile; fileRef = 86B96091259B408300F1D5A6 /* WelcomeView.swift */; };
		86B96096259B414F00F1D5A6 /* DecodedObjectProvider.swift in Sources */ = {isa = PBXBuildFile; fileRef = 86B96095259B414F00F1D5A6 /* DecodedObjectProvider.swift */; };
		86B9609C259B7C2200F1D5A6 /* AttributeIconsGroupView.swift in Sources */ = {isa = PBXBuildFile; fileRef = 86B9609B259B7C2200F1D5A6 /* AttributeIconsGroupView.swift */; };
		86B960A0259BA5C500F1D5A6 /* GetStartedView.swift in Sources */ = {isa = PBXBuildFile; fileRef = 86B9609F259BA5C500F1D5A6 /* GetStartedView.swift */; };
		86B960A4259BA5EB00F1D5A6 /* AttributesDetailsViewModel.swift in Sources */ = {isa = PBXBuildFile; fileRef = 86B960A3259BA5EB00F1D5A6 /* AttributesDetailsViewModel.swift */; };
		86B960A7259BA64800F1D5A6 /* AttributesDetailsView.swift in Sources */ = {isa = PBXBuildFile; fileRef = 86B960A6259BA64800F1D5A6 /* AttributesDetailsView.swift */; };
		86B9C97025A1BC6F0079C355 /* EvaluationSelectionView.swift in Sources */ = {isa = PBXBuildFile; fileRef = 86B9C96F25A1BC6F0079C355 /* EvaluationSelectionView.swift */; };
		86B9C97525A211C60079C355 /* EvaluationUnitSelectionView.swift in Sources */ = {isa = PBXBuildFile; fileRef = 86B9C97425A211C60079C355 /* EvaluationUnitSelectionView.swift */; };
		86B9C97825A21B4A0079C355 /* EvaluationUnitConfirmationView.swift in Sources */ = {isa = PBXBuildFile; fileRef = 86B9C97725A21B4A0079C355 /* EvaluationUnitConfirmationView.swift */; };
		86C6F5B5259637F000A6D48F /* Label.swift in Sources */ = {isa = PBXBuildFile; fileRef = 86C6F5B4259637F000A6D48F /* Label.swift */; };
		86C6F5BA25973DB100A6D48F /* PurchaseAttributesDualGraphView.swift in Sources */ = {isa = PBXBuildFile; fileRef = 86C6F5B925973DB100A6D48F /* PurchaseAttributesDualGraphView.swift */; };
		86C6F5BE25973E0100A6D48F /* PurchaseAttributeSingleDualGraphView.swift in Sources */ = {isa = PBXBuildFile; fileRef = 86C6F5BD25973E0100A6D48F /* PurchaseAttributeSingleDualGraphView.swift */; };
		86C6F5C125973EE500A6D48F /* SingleBarViewAnimated.swift in Sources */ = {isa = PBXBuildFile; fileRef = 86C6F5C025973EE500A6D48F /* SingleBarViewAnimated.swift */; };
		86C6F5C425973FCD00A6D48F /* PurchaseAttributeSummaryView.swift in Sources */ = {isa = PBXBuildFile; fileRef = 86C6F5C325973FCD00A6D48F /* PurchaseAttributeSummaryView.swift */; };
		86D57686259CC03A000A781A /* DetailedExplanationDisplayView.swift in Sources */ = {isa = PBXBuildFile; fileRef = 86D57685259CC03A000A781A /* DetailedExplanationDisplayView.swift */; };
		86D5768A259CC074000A781A /* PulsingIntroView.swift in Sources */ = {isa = PBXBuildFile; fileRef = 86D57689259CC074000A781A /* PulsingIntroView.swift */; };
		86D5768D259CC0A0000A781A /* AttributeIconsSelectableDisplayView.swift in Sources */ = {isa = PBXBuildFile; fileRef = 86D5768C259CC0A0000A781A /* AttributeIconsSelectableDisplayView.swift */; };
		86D59BF0259E0DDC00694959 /* CloudKit.framework in Frameworks */ = {isa = PBXBuildFile; fileRef = 86D59BEF259E0DDC00694959 /* CloudKit.framework */; };
		86DB14D225692945003BABD5 /* PurchaseItem.swift in Sources */ = {isa = PBXBuildFile; fileRef = 86DB14D125692945003BABD5 /* PurchaseItem.swift */; };
		86DB14DF256A6953003BABD5 /* NoClipboardTextField.swift in Sources */ = {isa = PBXBuildFile; fileRef = 86DB14DE256A6953003BABD5 /* NoClipboardTextField.swift */; };
		86DB1E612599F80600ACAB4B /* AttributeUserRating.swift in Sources */ = {isa = PBXBuildFile; fileRef = 86DB1E602599F80600ACAB4B /* AttributeUserRating.swift */; };
		86DB1E642599F96A00ACAB4B /* AttributeResult.swift in Sources */ = {isa = PBXBuildFile; fileRef = 86DB1E632599F96A00ACAB4B /* AttributeResult.swift */; };
		86DB1E672599F99700ACAB4B /* AttributeEvaluation.swift in Sources */ = {isa = PBXBuildFile; fileRef = 86DB1E662599F99700ACAB4B /* AttributeEvaluation.swift */; };
		86DB1E6A259A1BCB00ACAB4B /* SaveEvaluationView.swift in Sources */ = {isa = PBXBuildFile; fileRef = 86DB1E69259A1BCB00ACAB4B /* SaveEvaluationView.swift */; };
		86E4B56F2568593200A52F51 /* PurchaseCategoriesViewModel.swift in Sources */ = {isa = PBXBuildFile; fileRef = 86E4B56E2568593200A52F51 /* PurchaseCategoriesViewModel.swift */; };
		86E4B5752569148200A52F51 /* GlobalProtocols.swift in Sources */ = {isa = PBXBuildFile; fileRef = 86E4B5742569148200A52F51 /* GlobalProtocols.swift */; };
		86F9DDC425ACE07900B69880 /* DismissalButton.swift in Sources */ = {isa = PBXBuildFile; fileRef = 86F9DDC325ACE07900B69880 /* DismissalButton.swift */; };
		86FA05612587F73000005AF8 /* Question.swift in Sources */ = {isa = PBXBuildFile; fileRef = 86FA055E2587F73000005AF8 /* Question.swift */; };
		86FA05782587F7B000005AF8 /* UserDefaults.swift in Sources */ = {isa = PBXBuildFile; fileRef = 86FA05772587F7B000005AF8 /* UserDefaults.swift */; };
/* End PBXBuildFile section */

/* Begin PBXContainerItemProxy section */
		86026294254D72EC0085ACD5 /* PBXContainerItemProxy */ = {
			isa = PBXContainerItemProxy;
			containerPortal = 8602627A254D72EA0085ACD5 /* Project object */;
			proxyType = 1;
			remoteGlobalIDString = 86026281254D72EA0085ACD5;
			remoteInfo = PurchaseCalculator;
		};
/* End PBXContainerItemProxy section */

/* Begin PBXCopyFilesBuildPhase section */
		8625C4B325925A09006B29BA /* Embed Frameworks */ = {
			isa = PBXCopyFilesBuildPhase;
			buildActionMask = 2147483647;
			dstPath = "";
			dstSubfolderSpec = 10;
			files = (
				8675644A25B0A9F8000C0B79 /* SystemKit.framework in Embed Frameworks */,
				864BDDCC2597AAE500CC6628 /* PurchaseCalculatorDataKit.framework in Embed Frameworks */,
			);
			name = "Embed Frameworks";
			runOnlyForDeploymentPostprocessing = 0;
		};
/* End PBXCopyFilesBuildPhase section */

/* Begin PBXFileReference section */
		86026282254D72EA0085ACD5 /* PurchaseCalculator.app */ = {isa = PBXFileReference; explicitFileType = wrapper.application; includeInIndex = 0; path = PurchaseCalculator.app; sourceTree = BUILT_PRODUCTS_DIR; };
		86026285254D72EA0085ACD5 /* PurchaseCalculatorApp.swift */ = {isa = PBXFileReference; lastKnownFileType = sourcecode.swift; path = PurchaseCalculatorApp.swift; sourceTree = "<group>"; };
		86026287254D72EA0085ACD5 /* HomescreenView.swift */ = {isa = PBXFileReference; lastKnownFileType = sourcecode.swift; path = HomescreenView.swift; sourceTree = "<group>"; };
		8602628C254D72EC0085ACD5 /* Preview Assets.xcassets */ = {isa = PBXFileReference; lastKnownFileType = folder.assetcatalog; path = "Preview Assets.xcassets"; sourceTree = "<group>"; };
		8602628E254D72EC0085ACD5 /* Info.plist */ = {isa = PBXFileReference; lastKnownFileType = text.plist.xml; path = Info.plist; sourceTree = "<group>"; };
		86026293254D72EC0085ACD5 /* PurchaseCalculatorTests.xctest */ = {isa = PBXFileReference; explicitFileType = wrapper.cfbundle; includeInIndex = 0; path = PurchaseCalculatorTests.xctest; sourceTree = BUILT_PRODUCTS_DIR; };
		86026297254D72EC0085ACD5 /* PurchaseCalculatorTests.swift */ = {isa = PBXFileReference; lastKnownFileType = sourcecode.swift; path = PurchaseCalculatorTests.swift; sourceTree = "<group>"; };
		86026299254D72EC0085ACD5 /* Info.plist */ = {isa = PBXFileReference; lastKnownFileType = text.plist.xml; path = Info.plist; sourceTree = "<group>"; };
		860262B4254D733E0085ACD5 /* Calculator.swift */ = {isa = PBXFileReference; lastKnownFileType = sourcecode.swift; path = Calculator.swift; sourceTree = "<group>"; };
		86026CAF259491310047296F /* EvaluationCalculationView.swift */ = {isa = PBXFileReference; lastKnownFileType = sourcecode.swift; path = EvaluationCalculationView.swift; sourceTree = "<group>"; };
		8609E63E25A0C1C400FE0604 /* BlockContainer.swift */ = {isa = PBXFileReference; lastKnownFileType = sourcecode.swift; path = BlockContainer.swift; sourceTree = "<group>"; };
		860EC84825A79FD6007DB05C /* StringFormatterKey.swift */ = {isa = PBXFileReference; lastKnownFileType = sourcecode.swift; path = StringFormatterKey.swift; sourceTree = "<group>"; };
		8620FA67257CDEB70005D8AF /* HomeButtonView.swift */ = {isa = PBXFileReference; lastKnownFileType = sourcecode.swift; path = HomeButtonView.swift; sourceTree = "<group>"; };
		8620FA6D257CDF880005D8AF /* BasicNavigationView.swift */ = {isa = PBXFileReference; lastKnownFileType = sourcecode.swift; path = BasicNavigationView.swift; sourceTree = "<group>"; };
		8620FA70257CDFBA0005D8AF /* StackPopButtonWithImageView.swift */ = {isa = PBXFileReference; lastKnownFileType = sourcecode.swift; path = StackPopButtonWithImageView.swift; sourceTree = "<group>"; };
		8620FA74257CE4C10005D8AF /* ButtonWithImageView.swift */ = {isa = PBXFileReference; lastKnownFileType = sourcecode.swift; path = ButtonWithImageView.swift; sourceTree = "<group>"; };
		8620FA79257CF1520005D8AF /* KeyboardListener.swift */ = {isa = PBXFileReference; lastKnownFileType = sourcecode.swift; path = KeyboardListener.swift; sourceTree = "<group>"; };
		8620FA7D257CF5890005D8AF /* BorderedButtonView.swift */ = {isa = PBXFileReference; lastKnownFileType = sourcecode.swift; path = BorderedButtonView.swift; sourceTree = "<group>"; };
		8620FA80257D3DBF0005D8AF /* StepperWithFillingRectangles.swift */ = {isa = PBXFileReference; lastKnownFileType = sourcecode.swift; path = StepperWithFillingRectangles.swift; sourceTree = "<group>"; };
		8620FA83257D3E110005D8AF /* TextFieldWithLimitView.swift */ = {isa = PBXFileReference; lastKnownFileType = sourcecode.swift; path = TextFieldWithLimitView.swift; sourceTree = "<group>"; };
		8620FA86257D3E3C0005D8AF /* TextFieldWithSegmentedPickerView.swift */ = {isa = PBXFileReference; lastKnownFileType = sourcecode.swift; path = TextFieldWithSegmentedPickerView.swift; sourceTree = "<group>"; };
		8625C4A0259259B8006B29BA /* PurchaseCalculatorDataKit.framework */ = {isa = PBXFileReference; explicitFileType = wrapper.framework; path = PurchaseCalculatorDataKit.framework; sourceTree = BUILT_PRODUCTS_DIR; };
		862A150625A3A5FC00DD4919 /* AttributeEvaluationStringFormatter.swift */ = {isa = PBXFileReference; lastKnownFileType = sourcecode.swift; path = AttributeEvaluationStringFormatter.swift; sourceTree = "<group>"; };
		862A150925A3A62D00DD4919 /* StringFormatter.swift */ = {isa = PBXFileReference; lastKnownFileType = sourcecode.swift; path = StringFormatter.swift; sourceTree = "<group>"; };
		862C4ECE259F5D920048103C /* SystemKit.framework */ = {isa = PBXFileReference; explicitFileType = wrapper.framework; path = SystemKit.framework; sourceTree = BUILT_PRODUCTS_DIR; };
		862C4F0A259F77430048103C /* ScreenBlockHelper.swift */ = {isa = PBXFileReference; lastKnownFileType = sourcecode.swift; path = ScreenBlockHelper.swift; sourceTree = "<group>"; };
		862C4F0D259F786B0048103C /* ScreenBlock.swift */ = {isa = PBXFileReference; lastKnownFileType = sourcecode.swift; path = ScreenBlock.swift; sourceTree = "<group>"; };
		862ED0732573BA5D005F4FCF /* GlobalModifiers.swift */ = {isa = PBXFileReference; lastKnownFileType = sourcecode.swift; path = GlobalModifiers.swift; sourceTree = "<group>"; };
		862ED0762573F3AC005F4FCF /* RowViewWithButton.swift */ = {isa = PBXFileReference; lastKnownFileType = sourcecode.swift; path = RowViewWithButton.swift; sourceTree = "<group>"; };
		862ED07B2574364C005F4FCF /* ListContainerView.swift */ = {isa = PBXFileReference; lastKnownFileType = sourcecode.swift; path = ListContainerView.swift; sourceTree = "<group>"; };
		862ED07F25743683005F4FCF /* NavigationLinkedRowView.swift */ = {isa = PBXFileReference; lastKnownFileType = sourcecode.swift; path = NavigationLinkedRowView.swift; sourceTree = "<group>"; };
		864016482589FCCA00B78BE9 /* LaunchHelper.swift */ = {isa = PBXFileReference; lastKnownFileType = sourcecode.swift; path = LaunchHelper.swift; sourceTree = "<group>"; };
		86446FE625582CF300D0AC5E /* PotentialPurchase+CoreDataProperties.swift.swift */ = {isa = PBXFileReference; fileEncoding = 4; lastKnownFileType = sourcecode.swift; path = "PotentialPurchase+CoreDataProperties.swift.swift"; sourceTree = "<group>"; };
		864BDDCE2598A2F100CC6628 /* BasicSummaryView.swift */ = {isa = PBXFileReference; lastKnownFileType = sourcecode.swift; path = BasicSummaryView.swift; sourceTree = "<group>"; };
		864BDDD12598A31000CC6628 /* DetailedSummaryView.swift */ = {isa = PBXFileReference; lastKnownFileType = sourcecode.swift; path = DetailedSummaryView.swift; sourceTree = "<group>"; };
		864BDDD42598A35800CC6628 /* BasicSummaryBulletView.swift */ = {isa = PBXFileReference; lastKnownFileType = sourcecode.swift; path = BasicSummaryBulletView.swift; sourceTree = "<group>"; };
		864BDDD72598A3C200CC6628 /* EvaluationReportView.swift */ = {isa = PBXFileReference; lastKnownFileType = sourcecode.swift; path = EvaluationReportView.swift; sourceTree = "<group>"; };
		864BDDE32599CC8200CC6628 /* ColorManager.swift */ = {isa = PBXFileReference; lastKnownFileType = sourcecode.swift; path = ColorManager.swift; sourceTree = "<group>"; };
		8655AFB525A9D13400A282B9 /* PurchaseAttributeEvaluationFormatter.swift */ = {isa = PBXFileReference; lastKnownFileType = sourcecode.swift; path = PurchaseAttributeEvaluationFormatter.swift; sourceTree = "<group>"; };
		8655AFB925A9EA5D00A282B9 /* CTAButton.swift */ = {isa = PBXFileReference; lastKnownFileType = sourcecode.swift; path = CTAButton.swift; sourceTree = "<group>"; };
		8655AFBD25A9EB7100A282B9 /* PulsingButtonStyle.swift */ = {isa = PBXFileReference; lastKnownFileType = sourcecode.swift; path = PulsingButtonStyle.swift; sourceTree = "<group>"; };
		8655AFE925AB150600A282B9 /* EmptorColorSchemeAdaptingView.swift */ = {isa = PBXFileReference; lastKnownFileType = sourcecode.swift; path = EmptorColorSchemeAdaptingView.swift; sourceTree = "<group>"; };
		8655AFEC25AB475300A282B9 /* Color+Extensions.swift */ = {isa = PBXFileReference; lastKnownFileType = sourcecode.swift; path = "Color+Extensions.swift"; sourceTree = "<group>"; };
		8655AFEF25AB5A4700A282B9 /* ReportTitleView.swift */ = {isa = PBXFileReference; lastKnownFileType = sourcecode.swift; path = ReportTitleView.swift; sourceTree = "<group>"; };
		8655AFF225AB5A9600A282B9 /* InspectionRowView.swift */ = {isa = PBXFileReference; lastKnownFileType = sourcecode.swift; path = InspectionRowView.swift; sourceTree = "<group>"; };
		8655AFF525AB5AAB00A282B9 /* ReportRowView.swift */ = {isa = PBXFileReference; lastKnownFileType = sourcecode.swift; path = ReportRowView.swift; sourceTree = "<group>"; };
		865AD2D62579763100FFE257 /* PurchaseItemViewModel.swift */ = {isa = PBXFileReference; lastKnownFileType = sourcecode.swift; path = PurchaseItemViewModel.swift; sourceTree = "<group>"; };
		865C35F6259DE15800E0F7B5 /* NewUserHomescreen.swift */ = {isa = PBXFileReference; lastKnownFileType = sourcecode.swift; path = NewUserHomescreen.swift; sourceTree = "<group>"; };
		865C3602259DE37900E0F7B5 /* UserPreferencesForm.swift */ = {isa = PBXFileReference; lastKnownFileType = sourcecode.swift; path = UserPreferencesForm.swift; sourceTree = "<group>"; };
		865C3606259DE3A200E0F7B5 /* PurchaseAttributeWeightingSelectionView.swift */ = {isa = PBXFileReference; lastKnownFileType = sourcecode.swift; path = PurchaseAttributeWeightingSelectionView.swift; sourceTree = "<group>"; };
		86685D0A2561603000F139D7 /* GlobalEnums.swift */ = {isa = PBXFileReference; lastKnownFileType = sourcecode.swift; path = GlobalEnums.swift; sourceTree = "<group>"; };
		8669FFE5257C1D8B00DD28F4 /* HomeViewModel.swift */ = {isa = PBXFileReference; lastKnownFileType = sourcecode.swift; path = HomeViewModel.swift; sourceTree = "<group>"; };
		866E3DC625933EAD00A35313 /* SpecificPurchaseUnitSelectionViewModel.swift */ = {isa = PBXFileReference; lastKnownFileType = sourcecode.swift; path = SpecificPurchaseUnitSelectionViewModel.swift; sourceTree = "<group>"; };
		866E3DCA25938C9000A35313 /* ExpandableRowView.swift */ = {isa = PBXFileReference; lastKnownFileType = sourcecode.swift; path = ExpandableRowView.swift; sourceTree = "<group>"; };
		866E3DCE25938CC900A35313 /* OpacityReducingRowView.swift */ = {isa = PBXFileReference; lastKnownFileType = sourcecode.swift; path = OpacityReducingRowView.swift; sourceTree = "<group>"; };
		866E3DD425938D3900A35313 /* Divider.swift */ = {isa = PBXFileReference; lastKnownFileType = sourcecode.swift; path = Divider.swift; sourceTree = "<group>"; };
		866E3DDA25938EBB00A35313 /* PriceFormatter.swift */ = {isa = PBXFileReference; lastKnownFileType = sourcecode.swift; path = PriceFormatter.swift; sourceTree = "<group>"; };
		866F9003258B592900202E0C /* SystemKit.framework */ = {isa = PBXFileReference; explicitFileType = wrapper.framework; path = SystemKit.framework; sourceTree = BUILT_PRODUCTS_DIR; };
		8675643225B044F4000C0B79 /* SpecificPurchaseUnitFormatter.swift */ = {isa = PBXFileReference; lastKnownFileType = sourcecode.swift; path = SpecificPurchaseUnitFormatter.swift; sourceTree = "<group>"; };
		8675643825B0A74A000C0B79 /* Evaluation+CoreDataClass.swift */ = {isa = PBXFileReference; lastKnownFileType = sourcecode.swift; name = "Evaluation+CoreDataClass.swift"; path = "/Users/henrycooper/Repos/PurchaseCalculator/PurchaseCalculator/CoreData/Objects/Evaluation+CoreDataClass.swift"; sourceTree = "<absolute>"; };
		8675643925B0A74A000C0B79 /* Evaluation+CoreDataProperties.swift */ = {isa = PBXFileReference; lastKnownFileType = sourcecode.swift; name = "Evaluation+CoreDataProperties.swift"; path = "/Users/henrycooper/Repos/PurchaseCalculator/PurchaseCalculator/CoreData/Objects/Evaluation+CoreDataProperties.swift"; sourceTree = "<absolute>"; };
		8675643A25B0A74A000C0B79 /* AttributeEvaluation+CoreDataClass.swift */ = {isa = PBXFileReference; lastKnownFileType = sourcecode.swift; name = "AttributeEvaluation+CoreDataClass.swift"; path = "/Users/henrycooper/Repos/PurchaseCalculator/PurchaseCalculator/CoreData/Objects/AttributeEvaluation+CoreDataClass.swift"; sourceTree = "<absolute>"; };
		8675643B25B0A74A000C0B79 /* AttributeEvaluation+CoreDataProperties.swift */ = {isa = PBXFileReference; lastKnownFileType = sourcecode.swift; name = "AttributeEvaluation+CoreDataProperties.swift"; path = "/Users/henrycooper/Repos/PurchaseCalculator/PurchaseCalculator/CoreData/Objects/AttributeEvaluation+CoreDataProperties.swift"; sourceTree = "<absolute>"; };
		8675644125B0A8BA000C0B79 /* EvaluationResult.swift */ = {isa = PBXFileReference; lastKnownFileType = sourcecode.swift; path = EvaluationResult.swift; sourceTree = "<group>"; };
		8675644525B0A930000C0B79 /* Evaluation+Extensions.swift */ = {isa = PBXFileReference; lastKnownFileType = sourcecode.swift; path = "Evaluation+Extensions.swift"; sourceTree = "<group>"; };
		8675644825B0A9F8000C0B79 /* SystemKit.framework */ = {isa = PBXFileReference; explicitFileType = wrapper.framework; path = SystemKit.framework; sourceTree = BUILT_PRODUCTS_DIR; };
		86789F07254D9D5E00A198C0 /* PurchaseCategory.swift */ = {isa = PBXFileReference; lastKnownFileType = sourcecode.swift; path = PurchaseCategory.swift; sourceTree = "<group>"; };
		867E2A8925559493002B618C /* PotentialPurchase+CoreDataClass.swift */ = {isa = PBXFileReference; lastKnownFileType = sourcecode.swift; path = "PotentialPurchase+CoreDataClass.swift"; sourceTree = "<group>"; };
		86812DD9255588EE00C1245E /* PurchaseCalculatorDataModel.xcdatamodel */ = {isa = PBXFileReference; lastKnownFileType = wrapper.xcdatamodel; path = PurchaseCalculatorDataModel.xcdatamodel; sourceTree = "<group>"; };
		86812DDF255589D100C1245E /* AppDelegate.swift */ = {isa = PBXFileReference; lastKnownFileType = sourcecode.swift; path = AppDelegate.swift; sourceTree = "<group>"; };
		868A49A82584C63A00CDDE83 /* PurchaseBrand.swift */ = {isa = PBXFileReference; lastKnownFileType = sourcecode.swift; path = PurchaseBrand.swift; sourceTree = "<group>"; };
		868CCB2725582EA700C96CFD /* CoreDataManager.swift */ = {isa = PBXFileReference; lastKnownFileType = sourcecode.swift; path = CoreDataManager.swift; sourceTree = "<group>"; };
		868CCB2C2558331700C96CFD /* UserPreferencesView.swift */ = {isa = PBXFileReference; lastKnownFileType = sourcecode.swift; path = UserPreferencesView.swift; sourceTree = "<group>"; };
		868CCB3525583F6C00C96CFD /* UserPreferencesViewModel.swift */ = {isa = PBXFileReference; lastKnownFileType = sourcecode.swift; path = UserPreferencesViewModel.swift; sourceTree = "<group>"; };
		868CCB412558446500C96CFD /* PurchaseAttributeValue+CoreDataClass.swift */ = {isa = PBXFileReference; lastKnownFileType = sourcecode.swift; path = "PurchaseAttributeValue+CoreDataClass.swift"; sourceTree = "<group>"; };
		868CCB422558446500C96CFD /* PurchaseAttributeValue+CoreDataProperties.swift */ = {isa = PBXFileReference; lastKnownFileType = sourcecode.swift; path = "PurchaseAttributeValue+CoreDataProperties.swift"; sourceTree = "<group>"; };
		868CCB432558446500C96CFD /* User+CoreDataClass.swift */ = {isa = PBXFileReference; lastKnownFileType = sourcecode.swift; path = "User+CoreDataClass.swift"; sourceTree = "<group>"; };
		868CCB442558446500C96CFD /* User+CoreDataProperties.swift */ = {isa = PBXFileReference; lastKnownFileType = sourcecode.swift; path = "User+CoreDataProperties.swift"; sourceTree = "<group>"; };
		868FC24925800E24002B9C01 /* SpecificPurchaseUnit.swift */ = {isa = PBXFileReference; lastKnownFileType = sourcecode.swift; path = SpecificPurchaseUnit.swift; sourceTree = "<group>"; };
		869CA33D256AA1F8000022F7 /* PurchaseAttributeMultiplierGroup.swift */ = {isa = PBXFileReference; lastKnownFileType = sourcecode.swift; path = PurchaseAttributeMultiplierGroup.swift; sourceTree = "<group>"; };
		869CA341256AB15F000022F7 /* PurchaseAttribute.swift */ = {isa = PBXFileReference; lastKnownFileType = sourcecode.swift; path = PurchaseAttribute.swift; sourceTree = "<group>"; };
		869CA348256AB8D5000022F7 /* EvaluationManager.swift */ = {isa = PBXFileReference; lastKnownFileType = sourcecode.swift; path = EvaluationManager.swift; sourceTree = "<group>"; };
		869F91F72584040B00DEB7F5 /* SpecificPurchaseUnitGroup.swift */ = {isa = PBXFileReference; lastKnownFileType = sourcecode.swift; path = SpecificPurchaseUnitGroup.swift; sourceTree = "<group>"; };
		86A53C232556AD6B0055C0B9 /* Assets.xcassets */ = {isa = PBXFileReference; lastKnownFileType = folder.assetcatalog; path = Assets.xcassets; sourceTree = "<group>"; };
		86B1EED62572A48F00526DE9 /* PropertyWrappers.swift */ = {isa = PBXFileReference; lastKnownFileType = sourcecode.swift; path = PropertyWrappers.swift; sourceTree = "<group>"; };
		86B4F7A3258163B300CBE827 /* PurchaseItemGroup.swift */ = {isa = PBXFileReference; lastKnownFileType = sourcecode.swift; path = PurchaseItemGroup.swift; sourceTree = "<group>"; };
		86B9607D259B365D00F1D5A6 /* Spartan-VariableFont_wght.ttf */ = {isa = PBXFileReference; lastKnownFileType = file; path = "Spartan-VariableFont_wght.ttf"; sourceTree = "<group>"; };
		86B96091259B408300F1D5A6 /* WelcomeView.swift */ = {isa = PBXFileReference; lastKnownFileType = sourcecode.swift; path = WelcomeView.swift; sourceTree = "<group>"; };
		86B96095259B414F00F1D5A6 /* DecodedObjectProvider.swift */ = {isa = PBXFileReference; lastKnownFileType = sourcecode.swift; path = DecodedObjectProvider.swift; sourceTree = "<group>"; };
		86B9609B259B7C2200F1D5A6 /* AttributeIconsGroupView.swift */ = {isa = PBXFileReference; lastKnownFileType = sourcecode.swift; path = AttributeIconsGroupView.swift; sourceTree = "<group>"; };
		86B9609F259BA5C500F1D5A6 /* GetStartedView.swift */ = {isa = PBXFileReference; lastKnownFileType = sourcecode.swift; path = GetStartedView.swift; sourceTree = "<group>"; };
		86B960A3259BA5EB00F1D5A6 /* AttributesDetailsViewModel.swift */ = {isa = PBXFileReference; lastKnownFileType = sourcecode.swift; path = AttributesDetailsViewModel.swift; sourceTree = "<group>"; };
		86B960A6259BA64800F1D5A6 /* AttributesDetailsView.swift */ = {isa = PBXFileReference; lastKnownFileType = sourcecode.swift; path = AttributesDetailsView.swift; sourceTree = "<group>"; };
		86B9C96F25A1BC6F0079C355 /* EvaluationSelectionView.swift */ = {isa = PBXFileReference; lastKnownFileType = sourcecode.swift; path = EvaluationSelectionView.swift; sourceTree = "<group>"; };
		86B9C97425A211C60079C355 /* EvaluationUnitSelectionView.swift */ = {isa = PBXFileReference; lastKnownFileType = sourcecode.swift; path = EvaluationUnitSelectionView.swift; sourceTree = "<group>"; };
		86B9C97725A21B4A0079C355 /* EvaluationUnitConfirmationView.swift */ = {isa = PBXFileReference; lastKnownFileType = sourcecode.swift; path = EvaluationUnitConfirmationView.swift; sourceTree = "<group>"; };
		86C6F5B4259637F000A6D48F /* Label.swift */ = {isa = PBXFileReference; lastKnownFileType = sourcecode.swift; path = Label.swift; sourceTree = "<group>"; };
		86C6F5B925973DB100A6D48F /* PurchaseAttributesDualGraphView.swift */ = {isa = PBXFileReference; lastKnownFileType = sourcecode.swift; path = PurchaseAttributesDualGraphView.swift; sourceTree = "<group>"; };
		86C6F5BD25973E0100A6D48F /* PurchaseAttributeSingleDualGraphView.swift */ = {isa = PBXFileReference; lastKnownFileType = sourcecode.swift; path = PurchaseAttributeSingleDualGraphView.swift; sourceTree = "<group>"; };
		86C6F5C025973EE500A6D48F /* SingleBarViewAnimated.swift */ = {isa = PBXFileReference; lastKnownFileType = sourcecode.swift; path = SingleBarViewAnimated.swift; sourceTree = "<group>"; };
		86C6F5C325973FCD00A6D48F /* PurchaseAttributeSummaryView.swift */ = {isa = PBXFileReference; lastKnownFileType = sourcecode.swift; path = PurchaseAttributeSummaryView.swift; sourceTree = "<group>"; };
		86D57685259CC03A000A781A /* DetailedExplanationDisplayView.swift */ = {isa = PBXFileReference; lastKnownFileType = sourcecode.swift; path = DetailedExplanationDisplayView.swift; sourceTree = "<group>"; };
		86D57689259CC074000A781A /* PulsingIntroView.swift */ = {isa = PBXFileReference; lastKnownFileType = sourcecode.swift; path = PulsingIntroView.swift; sourceTree = "<group>"; };
		86D5768C259CC0A0000A781A /* AttributeIconsSelectableDisplayView.swift */ = {isa = PBXFileReference; lastKnownFileType = sourcecode.swift; path = AttributeIconsSelectableDisplayView.swift; sourceTree = "<group>"; };
		86D59BED259E0DD600694959 /* PurchaseCalculator.entitlements */ = {isa = PBXFileReference; lastKnownFileType = text.plist.entitlements; path = PurchaseCalculator.entitlements; sourceTree = "<group>"; };
		86D59BEF259E0DDC00694959 /* CloudKit.framework */ = {isa = PBXFileReference; lastKnownFileType = wrapper.framework; name = CloudKit.framework; path = System/Library/Frameworks/CloudKit.framework; sourceTree = SDKROOT; };
		86DB14D125692945003BABD5 /* PurchaseItem.swift */ = {isa = PBXFileReference; lastKnownFileType = sourcecode.swift; path = PurchaseItem.swift; sourceTree = "<group>"; };
		86DB14DE256A6953003BABD5 /* NoClipboardTextField.swift */ = {isa = PBXFileReference; lastKnownFileType = sourcecode.swift; path = NoClipboardTextField.swift; sourceTree = "<group>"; };
		86DB1E602599F80600ACAB4B /* AttributeUserRating.swift */ = {isa = PBXFileReference; lastKnownFileType = sourcecode.swift; path = AttributeUserRating.swift; sourceTree = "<group>"; };
		86DB1E632599F96A00ACAB4B /* AttributeResult.swift */ = {isa = PBXFileReference; lastKnownFileType = sourcecode.swift; path = AttributeResult.swift; sourceTree = "<group>"; };
		86DB1E662599F99700ACAB4B /* AttributeEvaluation.swift */ = {isa = PBXFileReference; lastKnownFileType = sourcecode.swift; path = AttributeEvaluation.swift; sourceTree = "<group>"; };
		86DB1E69259A1BCB00ACAB4B /* SaveEvaluationView.swift */ = {isa = PBXFileReference; lastKnownFileType = sourcecode.swift; path = SaveEvaluationView.swift; sourceTree = "<group>"; };
		86E4B56E2568593200A52F51 /* PurchaseCategoriesViewModel.swift */ = {isa = PBXFileReference; lastKnownFileType = sourcecode.swift; path = PurchaseCategoriesViewModel.swift; sourceTree = "<group>"; };
		86E4B5742569148200A52F51 /* GlobalProtocols.swift */ = {isa = PBXFileReference; lastKnownFileType = sourcecode.swift; path = GlobalProtocols.swift; sourceTree = "<group>"; };
		86F9DDC325ACE07900B69880 /* DismissalButton.swift */ = {isa = PBXFileReference; lastKnownFileType = sourcecode.swift; path = DismissalButton.swift; sourceTree = "<group>"; };
		86FA055E2587F73000005AF8 /* Question.swift */ = {isa = PBXFileReference; fileEncoding = 4; lastKnownFileType = sourcecode.swift; path = Question.swift; sourceTree = "<group>"; };
		86FA05772587F7B000005AF8 /* UserDefaults.swift */ = {isa = PBXFileReference; lastKnownFileType = sourcecode.swift; path = UserDefaults.swift; sourceTree = "<group>"; };
/* End PBXFileReference section */

/* Begin PBXFrameworksBuildPhase section */
		8602627F254D72EA0085ACD5 /* Frameworks */ = {
			isa = PBXFrameworksBuildPhase;
			buildActionMask = 2147483647;
			files = (
				86D59BF0259E0DDC00694959 /* CloudKit.framework in Frameworks */,
				8675644925B0A9F8000C0B79 /* SystemKit.framework in Frameworks */,
				864BDDCB2597AAE500CC6628 /* PurchaseCalculatorDataKit.framework in Frameworks */,
			);
			runOnlyForDeploymentPostprocessing = 0;
		};
		86026290254D72EC0085ACD5 /* Frameworks */ = {
			isa = PBXFrameworksBuildPhase;
			buildActionMask = 2147483647;
			files = (
			);
			runOnlyForDeploymentPostprocessing = 0;
		};
/* End PBXFrameworksBuildPhase section */

/* Begin PBXGroup section */
		86026279254D72EA0085ACD5 = {
			isa = PBXGroup;
			children = (
				86026284254D72EA0085ACD5 /* PurchaseCalculator */,
				8602628E254D72EC0085ACD5 /* Info.plist */,
				86A53C232556AD6B0055C0B9 /* Assets.xcassets */,
				86026296254D72EC0085ACD5 /* PurchaseCalculatorTests */,
				86026283254D72EA0085ACD5 /* Products */,
				86756BD1254DA65000E31D5A /* Frameworks */,
			);
			sourceTree = "<group>";
		};
		86026283254D72EA0085ACD5 /* Products */ = {
			isa = PBXGroup;
			children = (
				86026282254D72EA0085ACD5 /* PurchaseCalculator.app */,
				86026293254D72EC0085ACD5 /* PurchaseCalculatorTests.xctest */,
			);
			name = Products;
			sourceTree = "<group>";
		};
		86026284254D72EA0085ACD5 /* PurchaseCalculator */ = {
			isa = PBXGroup;
			children = (
				86B9C98425A229BD0079C355 /* Extensions */,
				86D59BED259E0DD600694959 /* PurchaseCalculator.entitlements */,
				86D384A425569C2E00051019 /* App */,
				860262B3254D73260085ACD5 /* Evaluation */,
				86812DDE255588F700C1245E /* CoreData */,
				866E3DD925938EAA00A35313 /* Formatters */,
				8602628B254D72EC0085ACD5 /* Preview Content */,
				86A53C382557345B0055C0B9 /* Purchases */,
				860262B9254D738B0085ACD5 /* Question */,
				865AD2D3257975FE00FFE257 /* ViewModels */,
				86D384A725569C5F00051019 /* Views */,
			);
			path = PurchaseCalculator;
			sourceTree = "<group>";
		};
		8602628B254D72EC0085ACD5 /* Preview Content */ = {
			isa = PBXGroup;
			children = (
				8602628C254D72EC0085ACD5 /* Preview Assets.xcassets */,
			);
			path = "Preview Content";
			sourceTree = "<group>";
		};
		86026296254D72EC0085ACD5 /* PurchaseCalculatorTests */ = {
			isa = PBXGroup;
			children = (
				86026297254D72EC0085ACD5 /* PurchaseCalculatorTests.swift */,
				86026299254D72EC0085ACD5 /* Info.plist */,
			);
			path = PurchaseCalculatorTests;
			sourceTree = "<group>";
		};
		860262B3254D73260085ACD5 /* Evaluation */ = {
			isa = PBXGroup;
			children = (
				860262B4254D733E0085ACD5 /* Calculator.swift */,
				869CA348256AB8D5000022F7 /* EvaluationManager.swift */,
				8675644125B0A8BA000C0B79 /* EvaluationResult.swift */,
				8675644525B0A930000C0B79 /* Evaluation+Extensions.swift */,
			);
			path = Evaluation;
			sourceTree = "<group>";
		};
		860262B9254D738B0085ACD5 /* Question */ = {
			isa = PBXGroup;
			children = (
				86FA055E2587F73000005AF8 /* Question.swift */,
			);
			path = Question;
			sourceTree = "<group>";
		};
		8620FA8A257D3E720005D8AF /* TextFields */ = {
			isa = PBXGroup;
			children = (
				8620FA83257D3E110005D8AF /* TextFieldWithLimitView.swift */,
				8620FA86257D3E3C0005D8AF /* TextFieldWithSegmentedPickerView.swift */,
			);
			path = TextFields;
			sourceTree = "<group>";
		};
		8620FA8B257D3E7F0005D8AF /* Buttons */ = {
			isa = PBXGroup;
			children = (
				8655AFBC25A9EB5B00A282B9 /* Button Styles */,
				8620FA67257CDEB70005D8AF /* HomeButtonView.swift */,
				8620FA70257CDFBA0005D8AF /* StackPopButtonWithImageView.swift */,
				8620FA7D257CF5890005D8AF /* BorderedButtonView.swift */,
				8620FA74257CE4C10005D8AF /* ButtonWithImageView.swift */,
				8655AFB925A9EA5D00A282B9 /* CTAButton.swift */,
				86F9DDC325ACE07900B69880 /* DismissalButton.swift */,
			);
			path = Buttons;
			sourceTree = "<group>";
		};
		862ED07A2574362D005F4FCF /* Generic */ = {
			isa = PBXGroup;
			children = (
				8684E2E8258A637C002015EE /* Views */,
				8620FA8B257D3E7F0005D8AF /* Buttons */,
				8620FA8A257D3E720005D8AF /* TextFields */,
			);
			path = Generic;
			sourceTree = "<group>";
		};
		862ED084257436D6005F4FCF /* UIViewRepresentables */ = {
			isa = PBXGroup;
			children = (
				86DB14DE256A6953003BABD5 /* NoClipboardTextField.swift */,
			);
			path = UIViewRepresentables;
			sourceTree = "<group>";
		};
		8655AFBC25A9EB5B00A282B9 /* Button Styles */ = {
			isa = PBXGroup;
			children = (
				8655AFBD25A9EB7100A282B9 /* PulsingButtonStyle.swift */,
			);
			path = "Button Styles";
			sourceTree = "<group>";
		};
		865AD2D3257975FE00FFE257 /* ViewModels */ = {
			isa = PBXGroup;
			children = (
				86B960A2259BA5DB00F1D5A6 /* Onboarding */,
				868CCB3525583F6C00C96CFD /* UserPreferencesViewModel.swift */,
				86E4B56E2568593200A52F51 /* PurchaseCategoriesViewModel.swift */,
				865AD2D62579763100FFE257 /* PurchaseItemViewModel.swift */,
				8669FFE5257C1D8B00DD28F4 /* HomeViewModel.swift */,
				866E3DC625933EAD00A35313 /* SpecificPurchaseUnitSelectionViewModel.swift */,
			);
			path = ViewModels;
			sourceTree = "<group>";
		};
		865C35F5259DE12800E0F7B5 /* Evaluation */ = {
			isa = PBXGroup;
			children = (
				86026CAF259491310047296F /* EvaluationCalculationView.swift */,
				86B9C96F25A1BC6F0079C355 /* EvaluationSelectionView.swift */,
				86B9C97425A211C60079C355 /* EvaluationUnitSelectionView.swift */,
				86B9C97725A21B4A0079C355 /* EvaluationUnitConfirmationView.swift */,
			);
			path = Evaluation;
			sourceTree = "<group>";
		};
		865C35FE259DE34900E0F7B5 /* Preferences */ = {
			isa = PBXGroup;
			children = (
				868CCB2C2558331700C96CFD /* UserPreferencesView.swift */,
			);
			path = Preferences;
			sourceTree = "<group>";
		};
		865C3601259DE36D00E0F7B5 /* Preferences */ = {
			isa = PBXGroup;
			children = (
				865C3602259DE37900E0F7B5 /* UserPreferencesForm.swift */,
				865C3606259DE3A200E0F7B5 /* PurchaseAttributeWeightingSelectionView.swift */,
			);
			path = Preferences;
			sourceTree = "<group>";
		};
		866E3DD125938D0800A35313 /* Components */ = {
			isa = PBXGroup;
			children = (
				865C3601259DE36D00E0F7B5 /* Preferences */,
				86B9609A259B7C0200F1D5A6 /* Onboarding */,
				86C6F5B825973D9300A6D48F /* Evaluation */,
				866E3DD225938D1A00A35313 /* Rows */,
				8620FA80257D3DBF0005D8AF /* StepperWithFillingRectangles.swift */,
				866E3DD425938D3900A35313 /* Divider.swift */,
			);
			path = Components;
			sourceTree = "<group>";
		};
		866E3DD225938D1A00A35313 /* Rows */ = {
			isa = PBXGroup;
			children = (
				862ED0762573F3AC005F4FCF /* RowViewWithButton.swift */,
				862ED07F25743683005F4FCF /* NavigationLinkedRowView.swift */,
				866E3DCA25938C9000A35313 /* ExpandableRowView.swift */,
				866E3DCE25938CC900A35313 /* OpacityReducingRowView.swift */,
			);
			path = Rows;
			sourceTree = "<group>";
		};
		866E3DD925938EAA00A35313 /* Formatters */ = {
			isa = PBXGroup;
			children = (
				866E3DDA25938EBB00A35313 /* PriceFormatter.swift */,
				862A150625A3A5FC00DD4919 /* AttributeEvaluationStringFormatter.swift */,
				862A150925A3A62D00DD4919 /* StringFormatter.swift */,
				860EC84825A79FD6007DB05C /* StringFormatterKey.swift */,
				8655AFB525A9D13400A282B9 /* PurchaseAttributeEvaluationFormatter.swift */,
				8675643225B044F4000C0B79 /* SpecificPurchaseUnitFormatter.swift */,
			);
			path = Formatters;
			sourceTree = "<group>";
		};
		86756BD1254DA65000E31D5A /* Frameworks */ = {
			isa = PBXGroup;
			children = (
				8675644825B0A9F8000C0B79 /* SystemKit.framework */,
				862C4ECE259F5D920048103C /* SystemKit.framework */,
				86D59BEF259E0DDC00694959 /* CloudKit.framework */,
				8625C4A0259259B8006B29BA /* PurchaseCalculatorDataKit.framework */,
				866F9003258B592900202E0C /* SystemKit.framework */,
			);
			name = Frameworks;
			sourceTree = "<group>";
		};
		86812DDE255588F700C1245E /* CoreData */ = {
			isa = PBXGroup;
			children = (
				86A2A4FF25558F8B00D64A54 /* Objects */,
				86812DD8255588EE00C1245E /* PurchaseCalculatorDataModel.xcdatamodeld */,
			);
			path = CoreData;
			sourceTree = "<group>";
		};
		8684E2E8258A637C002015EE /* Views */ = {
			isa = PBXGroup;
			children = (
				862ED07B2574364C005F4FCF /* ListContainerView.swift */,
				8620FA6D257CDF880005D8AF /* BasicNavigationView.swift */,
				86C6F5B4259637F000A6D48F /* Label.swift */,
				8655AFE925AB150600A282B9 /* EmptorColorSchemeAdaptingView.swift */,
			);
			path = Views;
			sourceTree = "<group>";
		};
		8693FB9D2582B1E80023BFC1 /* Items */ = {
			isa = PBXGroup;
			children = (
				86DB14D125692945003BABD5 /* PurchaseItem.swift */,
				868FC24925800E24002B9C01 /* SpecificPurchaseUnit.swift */,
				869F91F72584040B00DEB7F5 /* SpecificPurchaseUnitGroup.swift */,
				868A49A82584C63A00CDDE83 /* PurchaseBrand.swift */,
			);
			path = Items;
			sourceTree = "<group>";
		};
		8693FBA02582B2190023BFC1 /* Purchase Attributes */ = {
			isa = PBXGroup;
			children = (
				869CA341256AB15F000022F7 /* PurchaseAttribute.swift */,
				869CA33D256AA1F8000022F7 /* PurchaseAttributeMultiplierGroup.swift */,
				86DB1E602599F80600ACAB4B /* AttributeUserRating.swift */,
				86DB1E632599F96A00ACAB4B /* AttributeResult.swift */,
				86DB1E662599F99700ACAB4B /* AttributeEvaluation.swift */,
			);
			path = "Purchase Attributes";
			sourceTree = "<group>";
		};
		86A2A4FF25558F8B00D64A54 /* Objects */ = {
			isa = PBXGroup;
			children = (
				8675643A25B0A74A000C0B79 /* AttributeEvaluation+CoreDataClass.swift */,
				8675643B25B0A74A000C0B79 /* AttributeEvaluation+CoreDataProperties.swift */,
				8675643825B0A74A000C0B79 /* Evaluation+CoreDataClass.swift */,
				8675643925B0A74A000C0B79 /* Evaluation+CoreDataProperties.swift */,
				867E2A8925559493002B618C /* PotentialPurchase+CoreDataClass.swift */,
				86446FE625582CF300D0AC5E /* PotentialPurchase+CoreDataProperties.swift.swift */,
				868CCB412558446500C96CFD /* PurchaseAttributeValue+CoreDataClass.swift */,
				868CCB422558446500C96CFD /* PurchaseAttributeValue+CoreDataProperties.swift */,
				868CCB432558446500C96CFD /* User+CoreDataClass.swift */,
				868CCB442558446500C96CFD /* User+CoreDataProperties.swift */,
			);
			path = Objects;
			sourceTree = "<group>";
		};
		86A53C382557345B0055C0B9 /* Purchases */ = {
			isa = PBXGroup;
			children = (
				86B4F79F2581638000CBE827 /* Categories */,
				86B4F7A22581639900CBE827 /* Item Groups */,
				8693FB9D2582B1E80023BFC1 /* Items */,
				8693FBA02582B2190023BFC1 /* Purchase Attributes */,
			);
			path = Purchases;
			sourceTree = "<group>";
		};
		86B4F79F2581638000CBE827 /* Categories */ = {
			isa = PBXGroup;
			children = (
				86789F07254D9D5E00A198C0 /* PurchaseCategory.swift */,
			);
			path = Categories;
			sourceTree = "<group>";
		};
		86B4F7A22581639900CBE827 /* Item Groups */ = {
			isa = PBXGroup;
			children = (
				86B4F7A3258163B300CBE827 /* PurchaseItemGroup.swift */,
			);
			path = "Item Groups";
			sourceTree = "<group>";
		};
		86B96074259B323A00F1D5A6 /* Fonts */ = {
			isa = PBXGroup;
			children = (
				86B9607D259B365D00F1D5A6 /* Spartan-VariableFont_wght.ttf */,
			);
			path = Fonts;
			sourceTree = "<group>";
		};
		86B96090259B406E00F1D5A6 /* Onboarding */ = {
			isa = PBXGroup;
			children = (
				86B96091259B408300F1D5A6 /* WelcomeView.swift */,
				86B9609F259BA5C500F1D5A6 /* GetStartedView.swift */,
				86B960A6259BA64800F1D5A6 /* AttributesDetailsView.swift */,
			);
			path = Onboarding;
			sourceTree = "<group>";
		};
		86B96094259B413800F1D5A6 /* Helpers */ = {
			isa = PBXGroup;
			children = (
				864016482589FCCA00B78BE9 /* LaunchHelper.swift */,
				8620FA79257CF1520005D8AF /* KeyboardListener.swift */,
				864BDDE32599CC8200CC6628 /* ColorManager.swift */,
				86B96095259B414F00F1D5A6 /* DecodedObjectProvider.swift */,
				862C4F0A259F77430048103C /* ScreenBlockHelper.swift */,
			);
			path = Helpers;
			sourceTree = "<group>";
		};
		86B9609A259B7C0200F1D5A6 /* Onboarding */ = {
			isa = PBXGroup;
			children = (
				86B9609B259B7C2200F1D5A6 /* AttributeIconsGroupView.swift */,
				86D57685259CC03A000A781A /* DetailedExplanationDisplayView.swift */,
				86D57689259CC074000A781A /* PulsingIntroView.swift */,
				86D5768C259CC0A0000A781A /* AttributeIconsSelectableDisplayView.swift */,
			);
			path = Onboarding;
			sourceTree = "<group>";
		};
		86B960A2259BA5DB00F1D5A6 /* Onboarding */ = {
			isa = PBXGroup;
			children = (
				86B960A3259BA5EB00F1D5A6 /* AttributesDetailsViewModel.swift */,
			);
			path = Onboarding;
			sourceTree = "<group>";
		};
		86B9C98425A229BD0079C355 /* Extensions */ = {
			isa = PBXGroup;
			children = (
				8655AFEC25AB475300A282B9 /* Color+Extensions.swift */,
			);
			path = Extensions;
			sourceTree = "<group>";
		};
		86C6F5B825973D9300A6D48F /* Evaluation */ = {
			isa = PBXGroup;
			children = (
				86C6F5B925973DB100A6D48F /* PurchaseAttributesDualGraphView.swift */,
				86C6F5BD25973E0100A6D48F /* PurchaseAttributeSingleDualGraphView.swift */,
				86C6F5C025973EE500A6D48F /* SingleBarViewAnimated.swift */,
				86C6F5C325973FCD00A6D48F /* PurchaseAttributeSummaryView.swift */,
				864BDDCE2598A2F100CC6628 /* BasicSummaryView.swift */,
				864BDDD12598A31000CC6628 /* DetailedSummaryView.swift */,
				864BDDD42598A35800CC6628 /* BasicSummaryBulletView.swift */,
				864BDDD72598A3C200CC6628 /* EvaluationReportView.swift */,
				86DB1E69259A1BCB00ACAB4B /* SaveEvaluationView.swift */,
				8655AFEF25AB5A4700A282B9 /* ReportTitleView.swift */,
				8655AFF225AB5A9600A282B9 /* InspectionRowView.swift */,
				8655AFF525AB5AAB00A282B9 /* ReportRowView.swift */,
			);
			path = Evaluation;
			sourceTree = "<group>";
		};
		86D384A425569C2E00051019 /* App */ = {
			isa = PBXGroup;
			children = (
				86B96094259B413800F1D5A6 /* Helpers */,
				86B96074259B323A00F1D5A6 /* Fonts */,
				86026285254D72EA0085ACD5 /* PurchaseCalculatorApp.swift */,
				86812DDF255589D100C1245E /* AppDelegate.swift */,
				868CCB2725582EA700C96CFD /* CoreDataManager.swift */,
				86B1EED62572A48F00526DE9 /* PropertyWrappers.swift */,
				86FA05772587F7B000005AF8 /* UserDefaults.swift */,
				86E4B5742569148200A52F51 /* GlobalProtocols.swift */,
				862ED0732573BA5D005F4FCF /* GlobalModifiers.swift */,
				86685D0A2561603000F139D7 /* GlobalEnums.swift */,
			);
			path = App;
			sourceTree = "<group>";
		};
		86D384A725569C5F00051019 /* Views */ = {
			isa = PBXGroup;
			children = (
				866E3DD125938D0800A35313 /* Components */,
				865C35FE259DE34900E0F7B5 /* Preferences */,
				86B96090259B406E00F1D5A6 /* Onboarding */,
				86D5767F259CBAF4000A781A /* Homescreen */,
				865C35F5259DE12800E0F7B5 /* Evaluation */,
				862ED07A2574362D005F4FCF /* Generic */,
				862ED084257436D6005F4FCF /* UIViewRepresentables */,
			);
			path = Views;
			sourceTree = "<group>";
		};
		86D5767F259CBAF4000A781A /* Homescreen */ = {
			isa = PBXGroup;
			children = (
				86026287254D72EA0085ACD5 /* HomescreenView.swift */,
				865C35F6259DE15800E0F7B5 /* NewUserHomescreen.swift */,
				862C4F0D259F786B0048103C /* ScreenBlock.swift */,
				8609E63E25A0C1C400FE0604 /* BlockContainer.swift */,
			);
			path = Homescreen;
			sourceTree = "<group>";
		};
/* End PBXGroup section */

/* Begin PBXNativeTarget section */
		86026281254D72EA0085ACD5 /* PurchaseCalculator */ = {
			isa = PBXNativeTarget;
			buildConfigurationList = 860262A7254D72EC0085ACD5 /* Build configuration list for PBXNativeTarget "PurchaseCalculator" */;
			buildPhases = (
				8602627E254D72EA0085ACD5 /* Sources */,
				8602627F254D72EA0085ACD5 /* Frameworks */,
				86026280254D72EA0085ACD5 /* Resources */,
				8625C4B325925A09006B29BA /* Embed Frameworks */,
			);
			buildRules = (
			);
			dependencies = (
			);
			name = PurchaseCalculator;
			packageProductDependencies = (
			);
			productName = PurchaseCalculator;
			productReference = 86026282254D72EA0085ACD5 /* PurchaseCalculator.app */;
			productType = "com.apple.product-type.application";
		};
		86026292254D72EC0085ACD5 /* PurchaseCalculatorTests */ = {
			isa = PBXNativeTarget;
			buildConfigurationList = 860262AA254D72EC0085ACD5 /* Build configuration list for PBXNativeTarget "PurchaseCalculatorTests" */;
			buildPhases = (
				8602628F254D72EC0085ACD5 /* Sources */,
				86026290254D72EC0085ACD5 /* Frameworks */,
				86026291254D72EC0085ACD5 /* Resources */,
			);
			buildRules = (
			);
			dependencies = (
				86026295254D72EC0085ACD5 /* PBXTargetDependency */,
			);
			name = PurchaseCalculatorTests;
			productName = PurchaseCalculatorTests;
			productReference = 86026293254D72EC0085ACD5 /* PurchaseCalculatorTests.xctest */;
			productType = "com.apple.product-type.bundle.unit-test";
		};
/* End PBXNativeTarget section */

/* Begin PBXProject section */
		8602627A254D72EA0085ACD5 /* Project object */ = {
			isa = PBXProject;
			attributes = {
				LastSwiftUpdateCheck = 1200;
				LastUpgradeCheck = 1200;
				TargetAttributes = {
					86026281254D72EA0085ACD5 = {
						CreatedOnToolsVersion = 12.0;
					};
					86026292254D72EC0085ACD5 = {
						CreatedOnToolsVersion = 12.0;
						TestTargetID = 86026281254D72EA0085ACD5;
					};
				};
			};
			buildConfigurationList = 8602627D254D72EA0085ACD5 /* Build configuration list for PBXProject "PurchaseCalculator" */;
			compatibilityVersion = "Xcode 9.3";
			developmentRegion = en;
			hasScannedForEncodings = 0;
			knownRegions = (
				en,
				Base,
			);
			mainGroup = 86026279254D72EA0085ACD5;
			packageReferences = (
			);
			productRefGroup = 86026283254D72EA0085ACD5 /* Products */;
			projectDirPath = "";
			projectRoot = "";
			targets = (
				86026281254D72EA0085ACD5 /* PurchaseCalculator */,
				86026292254D72EC0085ACD5 /* PurchaseCalculatorTests */,
			);
		};
/* End PBXProject section */

/* Begin PBXResourcesBuildPhase section */
		86026280254D72EA0085ACD5 /* Resources */ = {
			isa = PBXResourcesBuildPhase;
			buildActionMask = 2147483647;
			files = (
				8602628D254D72EC0085ACD5 /* Preview Assets.xcassets in Resources */,
				86B9607E259B365D00F1D5A6 /* Spartan-VariableFont_wght.ttf in Resources */,
				86A53C242556AD6B0055C0B9 /* Assets.xcassets in Resources */,
			);
			runOnlyForDeploymentPostprocessing = 0;
		};
		86026291254D72EC0085ACD5 /* Resources */ = {
			isa = PBXResourcesBuildPhase;
			buildActionMask = 2147483647;
			files = (
			);
			runOnlyForDeploymentPostprocessing = 0;
		};
/* End PBXResourcesBuildPhase section */

/* Begin PBXSourcesBuildPhase section */
		8602627E254D72EA0085ACD5 /* Sources */ = {
			isa = PBXSourcesBuildPhase;
			buildActionMask = 2147483647;
			files = (
				862A150725A3A5FC00DD4919 /* AttributeEvaluationStringFormatter.swift in Sources */,
				8620FA81257D3DBF0005D8AF /* StepperWithFillingRectangles.swift in Sources */,
				868CCB452558446500C96CFD /* PurchaseAttributeValue+CoreDataClass.swift in Sources */,
				86812DDA255588EE00C1245E /* PurchaseCalculatorDataModel.xcdatamodeld in Sources */,
				86C6F5C125973EE500A6D48F /* SingleBarViewAnimated.swift in Sources */,
				866E3DD525938D3900A35313 /* Divider.swift in Sources */,
				86C6F5BA25973DB100A6D48F /* PurchaseAttributesDualGraphView.swift in Sources */,
				86026288254D72EA0085ACD5 /* HomescreenView.swift in Sources */,
				8620FA71257CDFBA0005D8AF /* StackPopButtonWithImageView.swift in Sources */,
				86B960A4259BA5EB00F1D5A6 /* AttributesDetailsViewModel.swift in Sources */,
				86B4F7A4258163B300CBE827 /* PurchaseItemGroup.swift in Sources */,
				86FA05782587F7B000005AF8 /* UserDefaults.swift in Sources */,
				865C3603259DE37900E0F7B5 /* UserPreferencesForm.swift in Sources */,
				8675644625B0A930000C0B79 /* Evaluation+Extensions.swift in Sources */,
				868CCB2825582EA700C96CFD /* CoreDataManager.swift in Sources */,
				8655AFBE25A9EB7100A282B9 /* PulsingButtonStyle.swift in Sources */,
				8655AFF325AB5A9600A282B9 /* InspectionRowView.swift in Sources */,
				8675644225B0A8BA000C0B79 /* EvaluationResult.swift in Sources */,
				8655AFF025AB5A4700A282B9 /* ReportTitleView.swift in Sources */,
				8620FA7E257CF5890005D8AF /* BorderedButtonView.swift in Sources */,
				866E3DCB25938C9000A35313 /* ExpandableRowView.swift in Sources */,
				8655AFB625A9D13400A282B9 /* PurchaseAttributeEvaluationFormatter.swift in Sources */,
				86B9609C259B7C2200F1D5A6 /* AttributeIconsGroupView.swift in Sources */,
				86F9DDC425ACE07900B69880 /* DismissalButton.swift in Sources */,
				864BDDD82598A3C200CC6628 /* EvaluationReportView.swift in Sources */,
				8655AFF625AB5AAB00A282B9 /* ReportRowView.swift in Sources */,
				869CA349256AB8D5000022F7 /* EvaluationManager.swift in Sources */,
				864BDDCF2598A2F100CC6628 /* BasicSummaryView.swift in Sources */,
				866E3DC725933EAD00A35313 /* SpecificPurchaseUnitSelectionViewModel.swift in Sources */,
				869CA342256AB15F000022F7 /* PurchaseAttribute.swift in Sources */,
				86DB1E642599F96A00ACAB4B /* AttributeResult.swift in Sources */,
				862ED0742573BA5D005F4FCF /* GlobalModifiers.swift in Sources */,
				8620FA75257CE4C10005D8AF /* ButtonWithImageView.swift in Sources */,
				8655AFED25AB475300A282B9 /* Color+Extensions.swift in Sources */,
				8620FA87257D3E3C0005D8AF /* TextFieldWithSegmentedPickerView.swift in Sources */,
				865C35F7259DE15800E0F7B5 /* NewUserHomescreen.swift in Sources */,
				8655AFEA25AB150600A282B9 /* EmptorColorSchemeAdaptingView.swift in Sources */,
				86D5768D259CC0A0000A781A /* AttributeIconsSelectableDisplayView.swift in Sources */,
				86B9C97025A1BC6F0079C355 /* EvaluationSelectionView.swift in Sources */,
				869CA33E256AA1F8000022F7 /* PurchaseAttributeMultiplierGroup.swift in Sources */,
				86789F08254D9D5E00A198C0 /* PurchaseCategory.swift in Sources */,
				86E4B5752569148200A52F51 /* GlobalProtocols.swift in Sources */,
				8620FA68257CDEB70005D8AF /* HomeButtonView.swift in Sources */,
				86B96096259B414F00F1D5A6 /* DecodedObjectProvider.swift in Sources */,
				8675643D25B0A74A000C0B79 /* AttributeEvaluation+CoreDataProperties.swift in Sources */,
				864BDDD22598A31000CC6628 /* DetailedSummaryView.swift in Sources */,
				86C6F5B5259637F000A6D48F /* Label.swift in Sources */,
				866E3DDB25938EBB00A35313 /* PriceFormatter.swift in Sources */,
				8675643E25B0A74A000C0B79 /* AttributeEvaluation+CoreDataClass.swift in Sources */,
				86446FE725582CF300D0AC5E /* PotentialPurchase+CoreDataProperties.swift.swift in Sources */,
				86E4B56F2568593200A52F51 /* PurchaseCategoriesViewModel.swift in Sources */,
				86B960A0259BA5C500F1D5A6 /* GetStartedView.swift in Sources */,
				86812DE0255589D100C1245E /* AppDelegate.swift in Sources */,
				862C4F0B259F77430048103C /* ScreenBlockHelper.swift in Sources */,
				86685D0B2561603000F139D7 /* GlobalEnums.swift in Sources */,
				868FC24A25800E24002B9C01 /* SpecificPurchaseUnit.swift in Sources */,
				860EC84925A79FD6007DB05C /* StringFormatterKey.swift in Sources */,
				864BDDD52598A35800CC6628 /* BasicSummaryBulletView.swift in Sources */,
				869F91F82584040B00DEB7F5 /* SpecificPurchaseUnitGroup.swift in Sources */,
				868CCB3625583F6C00C96CFD /* UserPreferencesViewModel.swift in Sources */,
				86FA05612587F73000005AF8 /* Question.swift in Sources */,
				864016492589FCCA00B78BE9 /* LaunchHelper.swift in Sources */,
				8655AFBA25A9EA5D00A282B9 /* CTAButton.swift in Sources */,
				865C3607259DE3A200E0F7B5 /* PurchaseAttributeWeightingSelectionView.swift in Sources */,
				864BDDE42599CC8200CC6628 /* ColorManager.swift in Sources */,
				866E3DCF25938CC900A35313 /* OpacityReducingRowView.swift in Sources */,
				868CCB462558446500C96CFD /* PurchaseAttributeValue+CoreDataProperties.swift in Sources */,
				868A49A92584C63A00CDDE83 /* PurchaseBrand.swift in Sources */,
				86DB1E672599F99700ACAB4B /* AttributeEvaluation.swift in Sources */,
				86B9C97525A211C60079C355 /* EvaluationUnitSelectionView.swift in Sources */,
				86C6F5BE25973E0100A6D48F /* PurchaseAttributeSingleDualGraphView.swift in Sources */,
				86D57686259CC03A000A781A /* DetailedExplanationDisplayView.swift in Sources */,
				86DB1E612599F80600ACAB4B /* AttributeUserRating.swift in Sources */,
				8669FFE6257C1D8B00DD28F4 /* HomeViewModel.swift in Sources */,
				86B1EED72572A48F00526DE9 /* PropertyWrappers.swift in Sources */,
				86C6F5C425973FCD00A6D48F /* PurchaseAttributeSummaryView.swift in Sources */,
				86D5768A259CC074000A781A /* PulsingIntroView.swift in Sources */,
				8620FA7A257CF1520005D8AF /* KeyboardListener.swift in Sources */,
				86B9C97825A21B4A0079C355 /* EvaluationUnitConfirmationView.swift in Sources */,
				862C4F0E259F786B0048103C /* ScreenBlock.swift in Sources */,
				862ED0772573F3AC005F4FCF /* RowViewWithButton.swift in Sources */,
				8675643F25B0A74A000C0B79 /* Evaluation+CoreDataProperties.swift in Sources */,
				862ED08025743683005F4FCF /* NavigationLinkedRowView.swift in Sources */,
				868CCB472558446500C96CFD /* User+CoreDataClass.swift in Sources */,
				8675643C25B0A74A000C0B79 /* Evaluation+CoreDataClass.swift in Sources */,
				867E2A8B25559493002B618C /* PotentialPurchase+CoreDataClass.swift in Sources */,
				868CCB482558446500C96CFD /* User+CoreDataProperties.swift in Sources */,
				862A150A25A3A62D00DD4919 /* StringFormatter.swift in Sources */,
				86026286254D72EA0085ACD5 /* PurchaseCalculatorApp.swift in Sources */,
				86987068254DAE8B0029B2DE /* Calculator.swift in Sources */,
				86DB14DF256A6953003BABD5 /* NoClipboardTextField.swift in Sources */,
				8675643325B044F4000C0B79 /* SpecificPurchaseUnitFormatter.swift in Sources */,
				868CCB2D2558331700C96CFD /* UserPreferencesView.swift in Sources */,
				865AD2D72579763100FFE257 /* PurchaseItemViewModel.swift in Sources */,
				8620FA6E257CDF880005D8AF /* BasicNavigationView.swift in Sources */,
				86026CB0259491310047296F /* EvaluationCalculationView.swift in Sources */,
				862ED07C2574364C005F4FCF /* ListContainerView.swift in Sources */,
				86B96092259B408300F1D5A6 /* WelcomeView.swift in Sources */,
				86DB1E6A259A1BCB00ACAB4B /* SaveEvaluationView.swift in Sources */,
				8620FA84257D3E110005D8AF /* TextFieldWithLimitView.swift in Sources */,
				86B960A7259BA64800F1D5A6 /* AttributesDetailsView.swift in Sources */,
				8609E63F25A0C1C400FE0604 /* BlockContainer.swift in Sources */,
				86DB14D225692945003BABD5 /* PurchaseItem.swift in Sources */,
			);
			runOnlyForDeploymentPostprocessing = 0;
		};
		8602628F254D72EC0085ACD5 /* Sources */ = {
			isa = PBXSourcesBuildPhase;
			buildActionMask = 2147483647;
			files = (
				86026298254D72EC0085ACD5 /* PurchaseCalculatorTests.swift in Sources */,
			);
			runOnlyForDeploymentPostprocessing = 0;
		};
/* End PBXSourcesBuildPhase section */

/* Begin PBXTargetDependency section */
		86026295254D72EC0085ACD5 /* PBXTargetDependency */ = {
			isa = PBXTargetDependency;
			target = 86026281254D72EA0085ACD5 /* PurchaseCalculator */;
			targetProxy = 86026294254D72EC0085ACD5 /* PBXContainerItemProxy */;
		};
/* End PBXTargetDependency section */

/* Begin XCBuildConfiguration section */
		860262A5254D72EC0085ACD5 /* Debug */ = {
			isa = XCBuildConfiguration;
			buildSettings = {
				ALWAYS_SEARCH_USER_PATHS = NO;
				CLANG_ANALYZER_NONNULL = YES;
				CLANG_ANALYZER_NUMBER_OBJECT_CONVERSION = YES_AGGRESSIVE;
				CLANG_CXX_LANGUAGE_STANDARD = "gnu++14";
				CLANG_CXX_LIBRARY = "libc++";
				CLANG_ENABLE_MODULES = YES;
				CLANG_ENABLE_OBJC_ARC = YES;
				CLANG_ENABLE_OBJC_WEAK = YES;
				CLANG_WARN_BLOCK_CAPTURE_AUTORELEASING = YES;
				CLANG_WARN_BOOL_CONVERSION = YES;
				CLANG_WARN_COMMA = YES;
				CLANG_WARN_CONSTANT_CONVERSION = YES;
				CLANG_WARN_DEPRECATED_OBJC_IMPLEMENTATIONS = YES;
				CLANG_WARN_DIRECT_OBJC_ISA_USAGE = YES_ERROR;
				CLANG_WARN_DOCUMENTATION_COMMENTS = YES;
				CLANG_WARN_EMPTY_BODY = YES;
				CLANG_WARN_ENUM_CONVERSION = YES;
				CLANG_WARN_INFINITE_RECURSION = YES;
				CLANG_WARN_INT_CONVERSION = YES;
				CLANG_WARN_NON_LITERAL_NULL_CONVERSION = YES;
				CLANG_WARN_OBJC_IMPLICIT_RETAIN_SELF = YES;
				CLANG_WARN_OBJC_LITERAL_CONVERSION = YES;
				CLANG_WARN_OBJC_ROOT_CLASS = YES_ERROR;
				CLANG_WARN_QUOTED_INCLUDE_IN_FRAMEWORK_HEADER = YES;
				CLANG_WARN_RANGE_LOOP_ANALYSIS = YES;
				CLANG_WARN_STRICT_PROTOTYPES = YES;
				CLANG_WARN_SUSPICIOUS_MOVE = YES;
				CLANG_WARN_UNGUARDED_AVAILABILITY = YES_AGGRESSIVE;
				CLANG_WARN_UNREACHABLE_CODE = YES;
				CLANG_WARN__DUPLICATE_METHOD_MATCH = YES;
				COPY_PHASE_STRIP = NO;
				DEBUG_INFORMATION_FORMAT = dwarf;
				ENABLE_STRICT_OBJC_MSGSEND = YES;
				ENABLE_TESTABILITY = YES;
				FRAMEWORK_SEARCH_PATHS = "";
				GCC_C_LANGUAGE_STANDARD = gnu11;
				GCC_DYNAMIC_NO_PIC = NO;
				GCC_NO_COMMON_BLOCKS = YES;
				GCC_OPTIMIZATION_LEVEL = 0;
				GCC_PREPROCESSOR_DEFINITIONS = (
					"DEBUG=1",
					"$(inherited)",
				);
				GCC_WARN_64_TO_32_BIT_CONVERSION = YES;
				GCC_WARN_ABOUT_RETURN_TYPE = YES_ERROR;
				GCC_WARN_UNDECLARED_SELECTOR = YES;
				GCC_WARN_UNINITIALIZED_AUTOS = YES_AGGRESSIVE;
				GCC_WARN_UNUSED_FUNCTION = YES;
				GCC_WARN_UNUSED_VARIABLE = YES;
				IPHONEOS_DEPLOYMENT_TARGET = 14.1;
				MTL_ENABLE_DEBUG_INFO = INCLUDE_SOURCE;
				MTL_FAST_MATH = YES;
				ONLY_ACTIVE_ARCH = YES;
				SDKROOT = iphoneos;
				SWIFT_ACTIVE_COMPILATION_CONDITIONS = DEBUG;
				SWIFT_INCLUDE_PATHS = "${SRCROOT}/Stat";
				SWIFT_OPTIMIZATION_LEVEL = "-Onone";
			};
			name = Debug;
		};
		860262A6254D72EC0085ACD5 /* Release */ = {
			isa = XCBuildConfiguration;
			buildSettings = {
				ALWAYS_SEARCH_USER_PATHS = NO;
				CLANG_ANALYZER_NONNULL = YES;
				CLANG_ANALYZER_NUMBER_OBJECT_CONVERSION = YES_AGGRESSIVE;
				CLANG_CXX_LANGUAGE_STANDARD = "gnu++14";
				CLANG_CXX_LIBRARY = "libc++";
				CLANG_ENABLE_MODULES = YES;
				CLANG_ENABLE_OBJC_ARC = YES;
				CLANG_ENABLE_OBJC_WEAK = YES;
				CLANG_WARN_BLOCK_CAPTURE_AUTORELEASING = YES;
				CLANG_WARN_BOOL_CONVERSION = YES;
				CLANG_WARN_COMMA = YES;
				CLANG_WARN_CONSTANT_CONVERSION = YES;
				CLANG_WARN_DEPRECATED_OBJC_IMPLEMENTATIONS = YES;
				CLANG_WARN_DIRECT_OBJC_ISA_USAGE = YES_ERROR;
				CLANG_WARN_DOCUMENTATION_COMMENTS = YES;
				CLANG_WARN_EMPTY_BODY = YES;
				CLANG_WARN_ENUM_CONVERSION = YES;
				CLANG_WARN_INFINITE_RECURSION = YES;
				CLANG_WARN_INT_CONVERSION = YES;
				CLANG_WARN_NON_LITERAL_NULL_CONVERSION = YES;
				CLANG_WARN_OBJC_IMPLICIT_RETAIN_SELF = YES;
				CLANG_WARN_OBJC_LITERAL_CONVERSION = YES;
				CLANG_WARN_OBJC_ROOT_CLASS = YES_ERROR;
				CLANG_WARN_QUOTED_INCLUDE_IN_FRAMEWORK_HEADER = YES;
				CLANG_WARN_RANGE_LOOP_ANALYSIS = YES;
				CLANG_WARN_STRICT_PROTOTYPES = YES;
				CLANG_WARN_SUSPICIOUS_MOVE = YES;
				CLANG_WARN_UNGUARDED_AVAILABILITY = YES_AGGRESSIVE;
				CLANG_WARN_UNREACHABLE_CODE = YES;
				CLANG_WARN__DUPLICATE_METHOD_MATCH = YES;
				COPY_PHASE_STRIP = NO;
				DEBUG_INFORMATION_FORMAT = "dwarf-with-dsym";
				ENABLE_NS_ASSERTIONS = NO;
				ENABLE_STRICT_OBJC_MSGSEND = YES;
				FRAMEWORK_SEARCH_PATHS = "";
				GCC_C_LANGUAGE_STANDARD = gnu11;
				GCC_NO_COMMON_BLOCKS = YES;
				GCC_WARN_64_TO_32_BIT_CONVERSION = YES;
				GCC_WARN_ABOUT_RETURN_TYPE = YES_ERROR;
				GCC_WARN_UNDECLARED_SELECTOR = YES;
				GCC_WARN_UNINITIALIZED_AUTOS = YES_AGGRESSIVE;
				GCC_WARN_UNUSED_FUNCTION = YES;
				GCC_WARN_UNUSED_VARIABLE = YES;
				IPHONEOS_DEPLOYMENT_TARGET = 14.1;
				MTL_ENABLE_DEBUG_INFO = NO;
				MTL_FAST_MATH = YES;
				SDKROOT = iphoneos;
				SWIFT_COMPILATION_MODE = wholemodule;
				SWIFT_INCLUDE_PATHS = "${SRCROOT}/Stat";
				SWIFT_OPTIMIZATION_LEVEL = "-O";
				VALIDATE_PRODUCT = YES;
			};
			name = Release;
		};
		860262A8254D72EC0085ACD5 /* Debug */ = {
			isa = XCBuildConfiguration;
			buildSettings = {
				ASSETCATALOG_COMPILER_APPICON_NAME = AppIcon;
				ASSETCATALOG_COMPILER_GLOBAL_ACCENT_COLOR_NAME = AccentColor;
				CODE_SIGN_ENTITLEMENTS = PurchaseCalculator/PurchaseCalculator.entitlements;
				CODE_SIGN_STYLE = Automatic;
				CURRENT_PROJECT_VERSION = 3;
				DEVELOPMENT_ASSET_PATHS = "\"PurchaseCalculator/Preview Content\"";
				DEVELOPMENT_TEAM = ZUT4ATB28X;
				ENABLE_PREVIEWS = YES;
				INFOPLIST_FILE = "$(SRCROOT)/Info.plist";
				IPHONEOS_DEPLOYMENT_TARGET = 14.0;
				LD_RUNPATH_SEARCH_PATHS = (
					"$(inherited)",
					"@executable_path/Frameworks",
				);
				PRODUCT_BUNDLE_IDENTIFIER = com.SixEye.purchaseCalculator;
				PRODUCT_NAME = "$(TARGET_NAME)";
				SWIFT_VERSION = 5.0;
				TARGETED_DEVICE_FAMILY = 1;
			};
			name = Debug;
		};
		860262A9254D72EC0085ACD5 /* Release */ = {
			isa = XCBuildConfiguration;
			buildSettings = {
				ASSETCATALOG_COMPILER_APPICON_NAME = AppIcon;
				ASSETCATALOG_COMPILER_GLOBAL_ACCENT_COLOR_NAME = AccentColor;
				CODE_SIGN_ENTITLEMENTS = PurchaseCalculator/PurchaseCalculator.entitlements;
				CODE_SIGN_STYLE = Automatic;
				CURRENT_PROJECT_VERSION = 3;
				DEVELOPMENT_ASSET_PATHS = "\"PurchaseCalculator/Preview Content\"";
				DEVELOPMENT_TEAM = ZUT4ATB28X;
				ENABLE_PREVIEWS = YES;
				INFOPLIST_FILE = "$(SRCROOT)/Info.plist";
				IPHONEOS_DEPLOYMENT_TARGET = 14.0;
				LD_RUNPATH_SEARCH_PATHS = (
					"$(inherited)",
					"@executable_path/Frameworks",
				);
				PRODUCT_BUNDLE_IDENTIFIER = com.SixEye.purchaseCalculator;
				PRODUCT_NAME = "$(TARGET_NAME)";
				SWIFT_VERSION = 5.0;
				TARGETED_DEVICE_FAMILY = 1;
			};
			name = Release;
		};
		860262AB254D72EC0085ACD5 /* Debug */ = {
			isa = XCBuildConfiguration;
			buildSettings = {
				ALWAYS_EMBED_SWIFT_STANDARD_LIBRARIES = YES;
				BUNDLE_LOADER = "$(TEST_HOST)";
				CODE_SIGN_STYLE = Automatic;
				DEVELOPMENT_TEAM = ZUT4ATB28X;
				INFOPLIST_FILE = PurchaseCalculatorTests/Info.plist;
				IPHONEOS_DEPLOYMENT_TARGET = 14.0;
				LD_RUNPATH_SEARCH_PATHS = (
					"$(inherited)",
					"@executable_path/Frameworks",
					"@loader_path/Frameworks",
				);
				PRODUCT_BUNDLE_IDENTIFIER = com.henry.PurchaseCalculatorTests;
				PRODUCT_NAME = "$(TARGET_NAME)";
				SWIFT_VERSION = 5.0;
				TARGETED_DEVICE_FAMILY = "1,2";
				TEST_HOST = "$(BUILT_PRODUCTS_DIR)/PurchaseCalculator.app/PurchaseCalculator";
			};
			name = Debug;
		};
		860262AC254D72EC0085ACD5 /* Release */ = {
			isa = XCBuildConfiguration;
			buildSettings = {
				ALWAYS_EMBED_SWIFT_STANDARD_LIBRARIES = YES;
				BUNDLE_LOADER = "$(TEST_HOST)";
				CODE_SIGN_STYLE = Automatic;
				DEVELOPMENT_TEAM = ZUT4ATB28X;
				INFOPLIST_FILE = PurchaseCalculatorTests/Info.plist;
				IPHONEOS_DEPLOYMENT_TARGET = 14.0;
				LD_RUNPATH_SEARCH_PATHS = (
					"$(inherited)",
					"@executable_path/Frameworks",
					"@loader_path/Frameworks",
				);
				PRODUCT_BUNDLE_IDENTIFIER = com.henry.PurchaseCalculatorTests;
				PRODUCT_NAME = "$(TARGET_NAME)";
				SWIFT_VERSION = 5.0;
				TARGETED_DEVICE_FAMILY = "1,2";
				TEST_HOST = "$(BUILT_PRODUCTS_DIR)/PurchaseCalculator.app/PurchaseCalculator";
			};
			name = Release;
		};
		8668265C2599E69600303572 /* Ephemeral */ = {
			isa = XCBuildConfiguration;
			buildSettings = {
				ALWAYS_SEARCH_USER_PATHS = NO;
				CLANG_ANALYZER_NONNULL = YES;
				CLANG_ANALYZER_NUMBER_OBJECT_CONVERSION = YES_AGGRESSIVE;
				CLANG_CXX_LANGUAGE_STANDARD = "gnu++14";
				CLANG_CXX_LIBRARY = "libc++";
				CLANG_ENABLE_MODULES = YES;
				CLANG_ENABLE_OBJC_ARC = YES;
				CLANG_ENABLE_OBJC_WEAK = YES;
				CLANG_WARN_BLOCK_CAPTURE_AUTORELEASING = YES;
				CLANG_WARN_BOOL_CONVERSION = YES;
				CLANG_WARN_COMMA = YES;
				CLANG_WARN_CONSTANT_CONVERSION = YES;
				CLANG_WARN_DEPRECATED_OBJC_IMPLEMENTATIONS = YES;
				CLANG_WARN_DIRECT_OBJC_ISA_USAGE = YES_ERROR;
				CLANG_WARN_DOCUMENTATION_COMMENTS = YES;
				CLANG_WARN_EMPTY_BODY = YES;
				CLANG_WARN_ENUM_CONVERSION = YES;
				CLANG_WARN_INFINITE_RECURSION = YES;
				CLANG_WARN_INT_CONVERSION = YES;
				CLANG_WARN_NON_LITERAL_NULL_CONVERSION = YES;
				CLANG_WARN_OBJC_IMPLICIT_RETAIN_SELF = YES;
				CLANG_WARN_OBJC_LITERAL_CONVERSION = YES;
				CLANG_WARN_OBJC_ROOT_CLASS = YES_ERROR;
				CLANG_WARN_QUOTED_INCLUDE_IN_FRAMEWORK_HEADER = YES;
				CLANG_WARN_RANGE_LOOP_ANALYSIS = YES;
				CLANG_WARN_STRICT_PROTOTYPES = YES;
				CLANG_WARN_SUSPICIOUS_MOVE = YES;
				CLANG_WARN_UNGUARDED_AVAILABILITY = YES_AGGRESSIVE;
				CLANG_WARN_UNREACHABLE_CODE = YES;
				CLANG_WARN__DUPLICATE_METHOD_MATCH = YES;
				COPY_PHASE_STRIP = NO;
				DEBUG_INFORMATION_FORMAT = dwarf;
				ENABLE_STRICT_OBJC_MSGSEND = YES;
				ENABLE_TESTABILITY = YES;
				FRAMEWORK_SEARCH_PATHS = "";
				GCC_C_LANGUAGE_STANDARD = gnu11;
				GCC_DYNAMIC_NO_PIC = NO;
				GCC_NO_COMMON_BLOCKS = YES;
				GCC_OPTIMIZATION_LEVEL = 0;
				GCC_PREPROCESSOR_DEFINITIONS = (
					"DEBUG=1",
					"$(inherited)",
				);
				GCC_WARN_64_TO_32_BIT_CONVERSION = YES;
				GCC_WARN_ABOUT_RETURN_TYPE = YES_ERROR;
				GCC_WARN_UNDECLARED_SELECTOR = YES;
				GCC_WARN_UNINITIALIZED_AUTOS = YES_AGGRESSIVE;
				GCC_WARN_UNUSED_FUNCTION = YES;
				GCC_WARN_UNUSED_VARIABLE = YES;
				IPHONEOS_DEPLOYMENT_TARGET = 14.1;
				MTL_ENABLE_DEBUG_INFO = INCLUDE_SOURCE;
				MTL_FAST_MATH = YES;
				ONLY_ACTIVE_ARCH = YES;
				"OTHER_SWIFT_FLAGS[arch=*]" = "-D EPHEMERAL";
				SDKROOT = iphoneos;
				SWIFT_ACTIVE_COMPILATION_CONDITIONS = DEBUG;
				SWIFT_COMPILATION_MODE = singlefile;
				SWIFT_INCLUDE_PATHS = "${SRCROOT}/Stat";
				SWIFT_OPTIMIZATION_LEVEL = "-Onone";
			};
			name = Ephemeral;
		};
		8668265D2599E69600303572 /* Ephemeral */ = {
			isa = XCBuildConfiguration;
			buildSettings = {
				ASSETCATALOG_COMPILER_APPICON_NAME = AppIcon;
				ASSETCATALOG_COMPILER_GLOBAL_ACCENT_COLOR_NAME = AccentColor;
				CODE_SIGN_ENTITLEMENTS = PurchaseCalculator/PurchaseCalculator.entitlements;
				CODE_SIGN_STYLE = Automatic;
				CURRENT_PROJECT_VERSION = 3;
				DEVELOPMENT_ASSET_PATHS = "\"PurchaseCalculator/Preview Content\"";
				DEVELOPMENT_TEAM = ZUT4ATB28X;
				ENABLE_PREVIEWS = YES;
				INFOPLIST_FILE = "$(SRCROOT)/Info.plist";
				IPHONEOS_DEPLOYMENT_TARGET = 14.0;
				LD_RUNPATH_SEARCH_PATHS = (
					"$(inherited)",
					"@executable_path/Frameworks",
				);
				PRODUCT_BUNDLE_IDENTIFIER = com.SixEye.purchaseCalculator;
				PRODUCT_NAME = "$(TARGET_NAME)";
				SWIFT_VERSION = 5.0;
				TARGETED_DEVICE_FAMILY = 1;
			};
			name = Ephemeral;
		};
		8668265E2599E69600303572 /* Ephemeral */ = {
			isa = XCBuildConfiguration;
			buildSettings = {
				ALWAYS_EMBED_SWIFT_STANDARD_LIBRARIES = YES;
				BUNDLE_LOADER = "$(TEST_HOST)";
				CODE_SIGN_STYLE = Automatic;
				DEVELOPMENT_TEAM = ZUT4ATB28X;
				INFOPLIST_FILE = PurchaseCalculatorTests/Info.plist;
				IPHONEOS_DEPLOYMENT_TARGET = 14.0;
				LD_RUNPATH_SEARCH_PATHS = (
					"$(inherited)",
					"@executable_path/Frameworks",
					"@loader_path/Frameworks",
				);
				PRODUCT_BUNDLE_IDENTIFIER = com.henry.PurchaseCalculatorTests;
				PRODUCT_NAME = "$(TARGET_NAME)";
				SWIFT_VERSION = 5.0;
				TARGETED_DEVICE_FAMILY = "1,2";
				TEST_HOST = "$(BUILT_PRODUCTS_DIR)/PurchaseCalculator.app/PurchaseCalculator";
			};
			name = Ephemeral;
		};
/* End XCBuildConfiguration section */

/* Begin XCConfigurationList section */
		8602627D254D72EA0085ACD5 /* Build configuration list for PBXProject "PurchaseCalculator" */ = {
			isa = XCConfigurationList;
			buildConfigurations = (
				860262A5254D72EC0085ACD5 /* Debug */,
				8668265C2599E69600303572 /* Ephemeral */,
				860262A6254D72EC0085ACD5 /* Release */,
			);
			defaultConfigurationIsVisible = 0;
			defaultConfigurationName = Release;
		};
		860262A7254D72EC0085ACD5 /* Build configuration list for PBXNativeTarget "PurchaseCalculator" */ = {
			isa = XCConfigurationList;
			buildConfigurations = (
				860262A8254D72EC0085ACD5 /* Debug */,
				8668265D2599E69600303572 /* Ephemeral */,
				860262A9254D72EC0085ACD5 /* Release */,
			);
			defaultConfigurationIsVisible = 0;
			defaultConfigurationName = Release;
		};
		860262AA254D72EC0085ACD5 /* Build configuration list for PBXNativeTarget "PurchaseCalculatorTests" */ = {
			isa = XCConfigurationList;
			buildConfigurations = (
				860262AB254D72EC0085ACD5 /* Debug */,
				8668265E2599E69600303572 /* Ephemeral */,
				860262AC254D72EC0085ACD5 /* Release */,
			);
			defaultConfigurationIsVisible = 0;
			defaultConfigurationName = Release;
		};
/* End XCConfigurationList section */

/* Begin XCVersionGroup section */
		86812DD8255588EE00C1245E /* PurchaseCalculatorDataModel.xcdatamodeld */ = {
			isa = XCVersionGroup;
			children = (
				86812DD9255588EE00C1245E /* PurchaseCalculatorDataModel.xcdatamodel */,
			);
			currentVersion = 86812DD9255588EE00C1245E /* PurchaseCalculatorDataModel.xcdatamodel */;
			path = PurchaseCalculatorDataModel.xcdatamodeld;
			sourceTree = "<group>";
			versionGroupType = wrapper.xcdatamodel;
		};
/* End XCVersionGroup section */
	};
	rootObject = 8602627A254D72EA0085ACD5 /* Project object */;
}
