// !$*UTF8*$!
{
	archiveVersion = 1;
	classes = {
	};
	objectVersion = 50;
	objects = {

/* Begin PBXBuildFile section */
		86026286254D72EA0085ACD5 /* PurchaseCalculatorApp.swift in Sources */ = {isa = PBXBuildFile; fileRef = 86026285254D72EA0085ACD5 /* PurchaseCalculatorApp.swift */; };
		86026288254D72EA0085ACD5 /* ContentView.swift in Sources */ = {isa = PBXBuildFile; fileRef = 86026287254D72EA0085ACD5 /* ContentView.swift */; };
		8602628D254D72EC0085ACD5 /* Preview Assets.xcassets in Resources */ = {isa = PBXBuildFile; fileRef = 8602628C254D72EC0085ACD5 /* Preview Assets.xcassets */; };
		86026298254D72EC0085ACD5 /* PurchaseCalculatorTests.swift in Sources */ = {isa = PBXBuildFile; fileRef = 86026297254D72EC0085ACD5 /* PurchaseCalculatorTests.swift */; };
		860262BB254D739D0085ACD5 /* Question.swift in Sources */ = {isa = PBXBuildFile; fileRef = 860262BA254D739D0085ACD5 /* Question.swift */; };
		860262C3254D74260085ACD5 /* QuestionOption.swift in Sources */ = {isa = PBXBuildFile; fileRef = 860262C2254D74260085ACD5 /* QuestionOption.swift */; };
		862ED0742573BA5D005F4FCF /* GlobalModifiers.swift in Sources */ = {isa = PBXBuildFile; fileRef = 862ED0732573BA5D005F4FCF /* GlobalModifiers.swift */; };
		862ED0772573F3AC005F4FCF /* RowViewWithButton.swift in Sources */ = {isa = PBXBuildFile; fileRef = 862ED0762573F3AC005F4FCF /* RowViewWithButton.swift */; };
		862ED07C2574364C005F4FCF /* ListContainerView.swift in Sources */ = {isa = PBXBuildFile; fileRef = 862ED07B2574364C005F4FCF /* ListContainerView.swift */; };
		862ED08025743683005F4FCF /* NavigationLinkedRowView.swift in Sources */ = {isa = PBXBuildFile; fileRef = 862ED07F25743683005F4FCF /* NavigationLinkedRowView.swift */; };
		86446FD525582A3700D0AC5E /* PurchaseAttributeValueQuestions.json in Resources */ = {isa = PBXBuildFile; fileRef = 86446FD425582A3700D0AC5E /* PurchaseAttributeValueQuestions.json */; };
		86446FE725582CF300D0AC5E /* PotentialPurchase+CoreDataProperties.swift.swift in Sources */ = {isa = PBXBuildFile; fileRef = 86446FE625582CF300D0AC5E /* PotentialPurchase+CoreDataProperties.swift.swift */; };
		86685D0B2561603000F139D7 /* GlobalEnums.swift in Sources */ = {isa = PBXBuildFile; fileRef = 86685D0A2561603000F139D7 /* GlobalEnums.swift */; };
		86789DF3254D759F00A198C0 /* Questions.json in Resources */ = {isa = PBXBuildFile; fileRef = 86789DF2254D759F00A198C0 /* Questions.json */; };
		86789E41254D7C3600A198C0 /* Questions.json in Resources */ = {isa = PBXBuildFile; fileRef = 86789DF2254D759F00A198C0 /* Questions.json */; };
		86789F05254D9CE400A198C0 /* QuestionCategories.json in Resources */ = {isa = PBXBuildFile; fileRef = 86789F04254D9CE400A198C0 /* QuestionCategories.json */; };
		86789F08254D9D5E00A198C0 /* PurchaseCategory.swift in Sources */ = {isa = PBXBuildFile; fileRef = 86789F07254D9D5E00A198C0 /* PurchaseCategory.swift */; };
		867E2A8B25559493002B618C /* PotentialPurchase+CoreDataClass.swift in Sources */ = {isa = PBXBuildFile; fileRef = 867E2A8925559493002B618C /* PotentialPurchase+CoreDataClass.swift */; };
		86812DDA255588EE00C1245E /* PurchaseCalculatorDataModel.xcdatamodeld in Sources */ = {isa = PBXBuildFile; fileRef = 86812DD8255588EE00C1245E /* PurchaseCalculatorDataModel.xcdatamodeld */; };
		86812DE0255589D100C1245E /* AppDelegate.swift in Sources */ = {isa = PBXBuildFile; fileRef = 86812DDF255589D100C1245E /* AppDelegate.swift */; };
		868CCB2825582EA700C96CFD /* CoreDataManager.swift in Sources */ = {isa = PBXBuildFile; fileRef = 868CCB2725582EA700C96CFD /* CoreDataManager.swift */; };
		868CCB2D2558331700C96CFD /* NewUserView.swift in Sources */ = {isa = PBXBuildFile; fileRef = 868CCB2C2558331700C96CFD /* NewUserView.swift */; };
		868CCB3625583F6C00C96CFD /* NewUserViewModel.swift in Sources */ = {isa = PBXBuildFile; fileRef = 868CCB3525583F6C00C96CFD /* NewUserViewModel.swift */; };
		868CCB452558446500C96CFD /* PurchaseAttributeValue+CoreDataClass.swift in Sources */ = {isa = PBXBuildFile; fileRef = 868CCB412558446500C96CFD /* PurchaseAttributeValue+CoreDataClass.swift */; };
		868CCB462558446500C96CFD /* PurchaseAttributeValue+CoreDataProperties.swift in Sources */ = {isa = PBXBuildFile; fileRef = 868CCB422558446500C96CFD /* PurchaseAttributeValue+CoreDataProperties.swift */; };
		868CCB472558446500C96CFD /* User+CoreDataClass.swift in Sources */ = {isa = PBXBuildFile; fileRef = 868CCB432558446500C96CFD /* User+CoreDataClass.swift */; };
		868CCB482558446500C96CFD /* User+CoreDataProperties.swift in Sources */ = {isa = PBXBuildFile; fileRef = 868CCB442558446500C96CFD /* User+CoreDataProperties.swift */; };
		86987068254DAE8B0029B2DE /* Calculator.swift in Sources */ = {isa = PBXBuildFile; fileRef = 860262B4254D733E0085ACD5 /* Calculator.swift */; };
		869CA33E256AA1F8000022F7 /* PurchaseAttributeMultiplierGroup.swift in Sources */ = {isa = PBXBuildFile; fileRef = 869CA33D256AA1F8000022F7 /* PurchaseAttributeMultiplierGroup.swift */; };
		869CA342256AB15F000022F7 /* PurchaseAttribute.swift in Sources */ = {isa = PBXBuildFile; fileRef = 869CA341256AB15F000022F7 /* PurchaseAttribute.swift */; };
		869CA349256AB8D5000022F7 /* EvaluationManager.swift in Sources */ = {isa = PBXBuildFile; fileRef = 869CA348256AB8D5000022F7 /* EvaluationManager.swift */; };
		86A53C242556AD6B0055C0B9 /* Assets.xcassets in Resources */ = {isa = PBXBuildFile; fileRef = 86A53C232556AD6B0055C0B9 /* Assets.xcassets */; };
		86A53C362557333E0055C0B9 /* PurchaseCategories.json in Resources */ = {isa = PBXBuildFile; fileRef = 86A53C352557333E0055C0B9 /* PurchaseCategories.json */; };
		86A53C46255735040055C0B9 /* PurchaseItems.json in Resources */ = {isa = PBXBuildFile; fileRef = 86A53C45255735040055C0B9 /* PurchaseItems.json */; };
		86A53C4D255735760055C0B9 /* PurchaseAttributes.json in Resources */ = {isa = PBXBuildFile; fileRef = 86A53C4C255735750055C0B9 /* PurchaseAttributes.json */; };
		86A53C5025573C180055C0B9 /* PurchaseItemAttributeMultipliersGroups.json in Resources */ = {isa = PBXBuildFile; fileRef = 86A53C4F25573C180055C0B9 /* PurchaseItemAttributeMultipliersGroups.json */; };
		86AA48A6256703C6007A7D75 /* PurchaseCategorySelectionView.swift in Sources */ = {isa = PBXBuildFile; fileRef = 86AA48A5256703C6007A7D75 /* PurchaseCategorySelectionView.swift */; };
		86B1EEAF2572A10100526DE9 /* SystemKit.framework in Frameworks */ = {isa = PBXBuildFile; fileRef = 86756BE0254DA6F200E31D5A /* SystemKit.framework */; };
		86B1EEB02572A10100526DE9 /* SystemKit.framework in Embed Frameworks */ = {isa = PBXBuildFile; fileRef = 86756BE0254DA6F200E31D5A /* SystemKit.framework */; settings = {ATTRIBUTES = (CodeSignOnCopy, RemoveHeadersOnCopy, ); }; };
		86B1EED72572A48F00526DE9 /* PropertyWrappers.swift in Sources */ = {isa = PBXBuildFile; fileRef = 86B1EED62572A48F00526DE9 /* PropertyWrappers.swift */; };
		86D384AA25569E7700051019 /* QuestionGroups.json in Resources */ = {isa = PBXBuildFile; fileRef = 86D384A925569E7700051019 /* QuestionGroups.json */; };
		86D384AD25569F6C00051019 /* QuestionGroup.swift in Sources */ = {isa = PBXBuildFile; fileRef = 86D384AC25569F6C00051019 /* QuestionGroup.swift */; };
		86DB14CD256926C8003BABD5 /* PurchaseItemSelectionView.swift in Sources */ = {isa = PBXBuildFile; fileRef = 86DB14CC256926C8003BABD5 /* PurchaseItemSelectionView.swift */; };
		86DB14D225692945003BABD5 /* PurchaseItem.swift in Sources */ = {isa = PBXBuildFile; fileRef = 86DB14D125692945003BABD5 /* PurchaseItem.swift */; };
		86DB14D925695A6C003BABD5 /* PurchaseItemDetailsView.swift in Sources */ = {isa = PBXBuildFile; fileRef = 86DB14D825695A6C003BABD5 /* PurchaseItemDetailsView.swift */; };
		86DB14DF256A6953003BABD5 /* NoClipboardTextField.swift in Sources */ = {isa = PBXBuildFile; fileRef = 86DB14DE256A6953003BABD5 /* NoClipboardTextField.swift */; };
		86E4B56F2568593200A52F51 /* PurchaseEvaluationViewModel.swift in Sources */ = {isa = PBXBuildFile; fileRef = 86E4B56E2568593200A52F51 /* PurchaseEvaluationViewModel.swift */; };
		86E4B5752569148200A52F51 /* GlobalProtocols.swift in Sources */ = {isa = PBXBuildFile; fileRef = 86E4B5742569148200A52F51 /* GlobalProtocols.swift */; };
/* End PBXBuildFile section */

/* Begin PBXContainerItemProxy section */
		86026294254D72EC0085ACD5 /* PBXContainerItemProxy */ = {
			isa = PBXContainerItemProxy;
			containerPortal = 8602627A254D72EA0085ACD5 /* Project object */;
			proxyType = 1;
			remoteGlobalIDString = 86026281254D72EA0085ACD5;
			remoteInfo = PurchaseCalculator;
		};
		86756BDF254DA6F200E31D5A /* PBXContainerItemProxy */ = {
			isa = PBXContainerItemProxy;
			containerPortal = 86756BDA254DA6F200E31D5A /* SystemKit.xcodeproj */;
			proxyType = 2;
			remoteGlobalIDString = 86789EAD254D80A700A198C0;
			remoteInfo = SystemKit;
		};
		86756BE1254DA6F200E31D5A /* PBXContainerItemProxy */ = {
			isa = PBXContainerItemProxy;
			containerPortal = 86756BDA254DA6F200E31D5A /* SystemKit.xcodeproj */;
			proxyType = 2;
			remoteGlobalIDString = 86789EB6254D80A700A198C0;
			remoteInfo = SystemKitTests;
		};
/* End PBXContainerItemProxy section */

/* Begin PBXCopyFilesBuildPhase section */
		86B1EEB12572A10100526DE9 /* Embed Frameworks */ = {
			isa = PBXCopyFilesBuildPhase;
			buildActionMask = 2147483647;
			dstPath = "";
			dstSubfolderSpec = 10;
			files = (
				86B1EEB02572A10100526DE9 /* SystemKit.framework in Embed Frameworks */,
			);
			name = "Embed Frameworks";
			runOnlyForDeploymentPostprocessing = 0;
		};
/* End PBXCopyFilesBuildPhase section */

/* Begin PBXFileReference section */
		86026282254D72EA0085ACD5 /* PurchaseCalculator.app */ = {isa = PBXFileReference; explicitFileType = wrapper.application; includeInIndex = 0; path = PurchaseCalculator.app; sourceTree = BUILT_PRODUCTS_DIR; };
		86026285254D72EA0085ACD5 /* PurchaseCalculatorApp.swift */ = {isa = PBXFileReference; lastKnownFileType = sourcecode.swift; path = PurchaseCalculatorApp.swift; sourceTree = "<group>"; };
		86026287254D72EA0085ACD5 /* ContentView.swift */ = {isa = PBXFileReference; lastKnownFileType = sourcecode.swift; path = ContentView.swift; sourceTree = "<group>"; };
		8602628C254D72EC0085ACD5 /* Preview Assets.xcassets */ = {isa = PBXFileReference; lastKnownFileType = folder.assetcatalog; path = "Preview Assets.xcassets"; sourceTree = "<group>"; };
		8602628E254D72EC0085ACD5 /* Info.plist */ = {isa = PBXFileReference; lastKnownFileType = text.plist.xml; path = Info.plist; sourceTree = "<group>"; };
		86026293254D72EC0085ACD5 /* PurchaseCalculatorTests.xctest */ = {isa = PBXFileReference; explicitFileType = wrapper.cfbundle; includeInIndex = 0; path = PurchaseCalculatorTests.xctest; sourceTree = BUILT_PRODUCTS_DIR; };
		86026297254D72EC0085ACD5 /* PurchaseCalculatorTests.swift */ = {isa = PBXFileReference; lastKnownFileType = sourcecode.swift; path = PurchaseCalculatorTests.swift; sourceTree = "<group>"; };
		86026299254D72EC0085ACD5 /* Info.plist */ = {isa = PBXFileReference; lastKnownFileType = text.plist.xml; path = Info.plist; sourceTree = "<group>"; };
		860262B4254D733E0085ACD5 /* Calculator.swift */ = {isa = PBXFileReference; lastKnownFileType = sourcecode.swift; path = Calculator.swift; sourceTree = "<group>"; };
		860262BA254D739D0085ACD5 /* Question.swift */ = {isa = PBXFileReference; lastKnownFileType = sourcecode.swift; path = Question.swift; sourceTree = "<group>"; };
		860262C2254D74260085ACD5 /* QuestionOption.swift */ = {isa = PBXFileReference; lastKnownFileType = sourcecode.swift; path = QuestionOption.swift; sourceTree = "<group>"; };
		862ED0732573BA5D005F4FCF /* GlobalModifiers.swift */ = {isa = PBXFileReference; lastKnownFileType = sourcecode.swift; path = GlobalModifiers.swift; sourceTree = "<group>"; };
		862ED0762573F3AC005F4FCF /* RowViewWithButton.swift */ = {isa = PBXFileReference; lastKnownFileType = sourcecode.swift; path = RowViewWithButton.swift; sourceTree = "<group>"; };
		862ED07B2574364C005F4FCF /* ListContainerView.swift */ = {isa = PBXFileReference; lastKnownFileType = sourcecode.swift; path = ListContainerView.swift; sourceTree = "<group>"; };
		862ED07F25743683005F4FCF /* NavigationLinkedRowView.swift */ = {isa = PBXFileReference; lastKnownFileType = sourcecode.swift; path = NavigationLinkedRowView.swift; sourceTree = "<group>"; };
		86446FD425582A3700D0AC5E /* PurchaseAttributeValueQuestions.json */ = {isa = PBXFileReference; lastKnownFileType = text.json; path = PurchaseAttributeValueQuestions.json; sourceTree = "<group>"; };
		86446FE625582CF300D0AC5E /* PotentialPurchase+CoreDataProperties.swift.swift */ = {isa = PBXFileReference; fileEncoding = 4; lastKnownFileType = sourcecode.swift; path = "PotentialPurchase+CoreDataProperties.swift.swift"; sourceTree = "<group>"; };
		86685D0A2561603000F139D7 /* GlobalEnums.swift */ = {isa = PBXFileReference; lastKnownFileType = sourcecode.swift; path = GlobalEnums.swift; sourceTree = "<group>"; };
		86756BDA254DA6F200E31D5A /* SystemKit.xcodeproj */ = {isa = PBXFileReference; lastKnownFileType = "wrapper.pb-project"; name = SystemKit.xcodeproj; path = ../SystemKit/SystemKit.xcodeproj; sourceTree = "<group>"; };
		86789DF2254D759F00A198C0 /* Questions.json */ = {isa = PBXFileReference; lastKnownFileType = text.json; path = Questions.json; sourceTree = "<group>"; };
		86789F04254D9CE400A198C0 /* QuestionCategories.json */ = {isa = PBXFileReference; lastKnownFileType = text.json; path = QuestionCategories.json; sourceTree = "<group>"; };
		86789F07254D9D5E00A198C0 /* PurchaseCategory.swift */ = {isa = PBXFileReference; lastKnownFileType = sourcecode.swift; path = PurchaseCategory.swift; sourceTree = "<group>"; };
		867E2A8925559493002B618C /* PotentialPurchase+CoreDataClass.swift */ = {isa = PBXFileReference; lastKnownFileType = sourcecode.swift; path = "PotentialPurchase+CoreDataClass.swift"; sourceTree = "<group>"; };
		86812DD9255588EE00C1245E /* PurchaseCalculatorDataModel.xcdatamodel */ = {isa = PBXFileReference; lastKnownFileType = wrapper.xcdatamodel; path = PurchaseCalculatorDataModel.xcdatamodel; sourceTree = "<group>"; };
		86812DDF255589D100C1245E /* AppDelegate.swift */ = {isa = PBXFileReference; lastKnownFileType = sourcecode.swift; path = AppDelegate.swift; sourceTree = "<group>"; };
		868CCB2725582EA700C96CFD /* CoreDataManager.swift */ = {isa = PBXFileReference; lastKnownFileType = sourcecode.swift; path = CoreDataManager.swift; sourceTree = "<group>"; };
		868CCB2C2558331700C96CFD /* NewUserView.swift */ = {isa = PBXFileReference; lastKnownFileType = sourcecode.swift; path = NewUserView.swift; sourceTree = "<group>"; };
		868CCB3525583F6C00C96CFD /* NewUserViewModel.swift */ = {isa = PBXFileReference; lastKnownFileType = sourcecode.swift; path = NewUserViewModel.swift; sourceTree = "<group>"; };
		868CCB412558446500C96CFD /* PurchaseAttributeValue+CoreDataClass.swift */ = {isa = PBXFileReference; lastKnownFileType = sourcecode.swift; path = "PurchaseAttributeValue+CoreDataClass.swift"; sourceTree = "<group>"; };
		868CCB422558446500C96CFD /* PurchaseAttributeValue+CoreDataProperties.swift */ = {isa = PBXFileReference; lastKnownFileType = sourcecode.swift; path = "PurchaseAttributeValue+CoreDataProperties.swift"; sourceTree = "<group>"; };
		868CCB432558446500C96CFD /* User+CoreDataClass.swift */ = {isa = PBXFileReference; lastKnownFileType = sourcecode.swift; path = "User+CoreDataClass.swift"; sourceTree = "<group>"; };
		868CCB442558446500C96CFD /* User+CoreDataProperties.swift */ = {isa = PBXFileReference; lastKnownFileType = sourcecode.swift; path = "User+CoreDataProperties.swift"; sourceTree = "<group>"; };
		869CA33D256AA1F8000022F7 /* PurchaseAttributeMultiplierGroup.swift */ = {isa = PBXFileReference; lastKnownFileType = sourcecode.swift; path = PurchaseAttributeMultiplierGroup.swift; sourceTree = "<group>"; };
		869CA341256AB15F000022F7 /* PurchaseAttribute.swift */ = {isa = PBXFileReference; lastKnownFileType = sourcecode.swift; path = PurchaseAttribute.swift; sourceTree = "<group>"; };
		869CA348256AB8D5000022F7 /* EvaluationManager.swift */ = {isa = PBXFileReference; lastKnownFileType = sourcecode.swift; path = EvaluationManager.swift; sourceTree = "<group>"; };
		86A53C232556AD6B0055C0B9 /* Assets.xcassets */ = {isa = PBXFileReference; lastKnownFileType = folder.assetcatalog; path = Assets.xcassets; sourceTree = "<group>"; };
		86A53C352557333E0055C0B9 /* PurchaseCategories.json */ = {isa = PBXFileReference; lastKnownFileType = text.json; path = PurchaseCategories.json; sourceTree = "<group>"; };
		86A53C45255735040055C0B9 /* PurchaseItems.json */ = {isa = PBXFileReference; lastKnownFileType = text.json; path = PurchaseItems.json; sourceTree = "<group>"; };
		86A53C4C255735750055C0B9 /* PurchaseAttributes.json */ = {isa = PBXFileReference; lastKnownFileType = text.json; path = PurchaseAttributes.json; sourceTree = "<group>"; };
		86A53C4F25573C180055C0B9 /* PurchaseItemAttributeMultipliersGroups.json */ = {isa = PBXFileReference; lastKnownFileType = text.json; path = PurchaseItemAttributeMultipliersGroups.json; sourceTree = "<group>"; };
		86AA48A5256703C6007A7D75 /* PurchaseCategorySelectionView.swift */ = {isa = PBXFileReference; lastKnownFileType = sourcecode.swift; path = PurchaseCategorySelectionView.swift; sourceTree = "<group>"; };
		86B1EED62572A48F00526DE9 /* PropertyWrappers.swift */ = {isa = PBXFileReference; lastKnownFileType = sourcecode.swift; path = PropertyWrappers.swift; sourceTree = "<group>"; };
		86D384A925569E7700051019 /* QuestionGroups.json */ = {isa = PBXFileReference; lastKnownFileType = text.json; path = QuestionGroups.json; sourceTree = "<group>"; };
		86D384AC25569F6C00051019 /* QuestionGroup.swift */ = {isa = PBXFileReference; lastKnownFileType = sourcecode.swift; path = QuestionGroup.swift; sourceTree = "<group>"; };
		86DB14CC256926C8003BABD5 /* PurchaseItemSelectionView.swift */ = {isa = PBXFileReference; lastKnownFileType = sourcecode.swift; path = PurchaseItemSelectionView.swift; sourceTree = "<group>"; };
		86DB14D125692945003BABD5 /* PurchaseItem.swift */ = {isa = PBXFileReference; lastKnownFileType = sourcecode.swift; path = PurchaseItem.swift; sourceTree = "<group>"; };
		86DB14D825695A6C003BABD5 /* PurchaseItemDetailsView.swift */ = {isa = PBXFileReference; lastKnownFileType = sourcecode.swift; name = PurchaseItemDetailsView.swift; path = PurchaseCalculator/Views/Flow/PurchaseItemDetailsView.swift; sourceTree = SOURCE_ROOT; };
		86DB14DE256A6953003BABD5 /* NoClipboardTextField.swift */ = {isa = PBXFileReference; lastKnownFileType = sourcecode.swift; path = NoClipboardTextField.swift; sourceTree = "<group>"; };
		86E4B56E2568593200A52F51 /* PurchaseEvaluationViewModel.swift */ = {isa = PBXFileReference; lastKnownFileType = sourcecode.swift; path = PurchaseEvaluationViewModel.swift; sourceTree = "<group>"; };
		86E4B5742569148200A52F51 /* GlobalProtocols.swift */ = {isa = PBXFileReference; lastKnownFileType = sourcecode.swift; path = GlobalProtocols.swift; sourceTree = "<group>"; };
/* End PBXFileReference section */

/* Begin PBXFrameworksBuildPhase section */
		8602627F254D72EA0085ACD5 /* Frameworks */ = {
			isa = PBXFrameworksBuildPhase;
			buildActionMask = 2147483647;
			files = (
				86B1EEAF2572A10100526DE9 /* SystemKit.framework in Frameworks */,
			);
			runOnlyForDeploymentPostprocessing = 0;
		};
		86026290254D72EC0085ACD5 /* Frameworks */ = {
			isa = PBXFrameworksBuildPhase;
			buildActionMask = 2147483647;
			files = (
			);
			runOnlyForDeploymentPostprocessing = 0;
		};
/* End PBXFrameworksBuildPhase section */

/* Begin PBXGroup section */
		86026279254D72EA0085ACD5 = {
			isa = PBXGroup;
			children = (
				86756BDA254DA6F200E31D5A /* SystemKit.xcodeproj */,
				86026284254D72EA0085ACD5 /* PurchaseCalculator */,
				86026296254D72EC0085ACD5 /* PurchaseCalculatorTests */,
				86026283254D72EA0085ACD5 /* Products */,
				86756BD1254DA65000E31D5A /* Frameworks */,
			);
			sourceTree = "<group>";
		};
		86026283254D72EA0085ACD5 /* Products */ = {
			isa = PBXGroup;
			children = (
				86026282254D72EA0085ACD5 /* PurchaseCalculator.app */,
				86026293254D72EC0085ACD5 /* PurchaseCalculatorTests.xctest */,
			);
			name = Products;
			sourceTree = "<group>";
		};
		86026284254D72EA0085ACD5 /* PurchaseCalculator */ = {
			isa = PBXGroup;
			children = (
				86A53C382557345B0055C0B9 /* Purchases */,
				86D384A425569C2E00051019 /* App */,
				860262B3254D73260085ACD5 /* Calculator */,
				86A53C232556AD6B0055C0B9 /* Assets.xcassets */,
				86812DDE255588F700C1245E /* CoreData */,
				8602628E254D72EC0085ACD5 /* Info.plist */,
				8602628B254D72EC0085ACD5 /* Preview Content */,
				860262B9254D738B0085ACD5 /* Question */,
				86D384A725569C5F00051019 /* Views */,
			);
			path = PurchaseCalculator;
			sourceTree = "<group>";
		};
		8602628B254D72EC0085ACD5 /* Preview Content */ = {
			isa = PBXGroup;
			children = (
				8602628C254D72EC0085ACD5 /* Preview Assets.xcassets */,
			);
			path = "Preview Content";
			sourceTree = "<group>";
		};
		86026296254D72EC0085ACD5 /* PurchaseCalculatorTests */ = {
			isa = PBXGroup;
			children = (
				86026297254D72EC0085ACD5 /* PurchaseCalculatorTests.swift */,
				86026299254D72EC0085ACD5 /* Info.plist */,
			);
			path = PurchaseCalculatorTests;
			sourceTree = "<group>";
		};
		860262B3254D73260085ACD5 /* Calculator */ = {
			isa = PBXGroup;
			children = (
				860262B4254D733E0085ACD5 /* Calculator.swift */,
				869CA348256AB8D5000022F7 /* EvaluationManager.swift */,
			);
			path = Calculator;
			sourceTree = "<group>";
		};
		860262B9254D738B0085ACD5 /* Question */ = {
			isa = PBXGroup;
			children = (
				860262BA254D739D0085ACD5 /* Question.swift */,
				86789DF2254D759F00A198C0 /* Questions.json */,
				86789F04254D9CE400A198C0 /* QuestionCategories.json */,
				86D384AC25569F6C00051019 /* QuestionGroup.swift */,
				86D384A925569E7700051019 /* QuestionGroups.json */,
				860262C2254D74260085ACD5 /* QuestionOption.swift */,
				86446FD425582A3700D0AC5E /* PurchaseAttributeValueQuestions.json */,
			);
			path = Question;
			sourceTree = "<group>";
		};
		862ED07A2574362D005F4FCF /* Generic */ = {
			isa = PBXGroup;
			children = (
				862ED07B2574364C005F4FCF /* ListContainerView.swift */,
				862ED07F25743683005F4FCF /* NavigationLinkedRowView.swift */,
				862ED0762573F3AC005F4FCF /* RowViewWithButton.swift */,
			);
			path = Generic;
			sourceTree = "<group>";
		};
		862ED083257436C7005F4FCF /* Flow */ = {
			isa = PBXGroup;
			children = (
				868CCB2C2558331700C96CFD /* NewUserView.swift */,
				86AA48A5256703C6007A7D75 /* PurchaseCategorySelectionView.swift */,
				86DB14CC256926C8003BABD5 /* PurchaseItemSelectionView.swift */,
				86DB14D825695A6C003BABD5 /* PurchaseItemDetailsView.swift */,
			);
			path = Flow;
			sourceTree = "<group>";
		};
		862ED084257436D6005F4FCF /* UIViewRepresentables */ = {
			isa = PBXGroup;
			children = (
				86DB14DE256A6953003BABD5 /* NoClipboardTextField.swift */,
			);
			path = UIViewRepresentables;
			sourceTree = "<group>";
		};
		86756BD1254DA65000E31D5A /* Frameworks */ = {
			isa = PBXGroup;
			children = (
			);
			name = Frameworks;
			sourceTree = "<group>";
		};
		86756BDB254DA6F200E31D5A /* Products */ = {
			isa = PBXGroup;
			children = (
				86756BE0254DA6F200E31D5A /* SystemKit.framework */,
				86756BE2254DA6F200E31D5A /* SystemKitTests.xctest */,
			);
			name = Products;
			sourceTree = "<group>";
		};
		86812DDE255588F700C1245E /* CoreData */ = {
			isa = PBXGroup;
			children = (
				86A2A4FF25558F8B00D64A54 /* Objects */,
				86812DD8255588EE00C1245E /* PurchaseCalculatorDataModel.xcdatamodeld */,
			);
			path = CoreData;
			sourceTree = "<group>";
		};
		86A2A4FF25558F8B00D64A54 /* Objects */ = {
			isa = PBXGroup;
			children = (
				867E2A8925559493002B618C /* PotentialPurchase+CoreDataClass.swift */,
				86446FE625582CF300D0AC5E /* PotentialPurchase+CoreDataProperties.swift.swift */,
				868CCB412558446500C96CFD /* PurchaseAttributeValue+CoreDataClass.swift */,
				868CCB422558446500C96CFD /* PurchaseAttributeValue+CoreDataProperties.swift */,
				868CCB432558446500C96CFD /* User+CoreDataClass.swift */,
				868CCB442558446500C96CFD /* User+CoreDataProperties.swift */,
			);
			path = Objects;
			sourceTree = "<group>";
		};
		86A53C382557345B0055C0B9 /* Purchases */ = {
			isa = PBXGroup;
			children = (
				86A53C352557333E0055C0B9 /* PurchaseCategories.json */,
				86789F07254D9D5E00A198C0 /* PurchaseCategory.swift */,
				86A53C45255735040055C0B9 /* PurchaseItems.json */,
				86DB14D125692945003BABD5 /* PurchaseItem.swift */,
				86A53C4F25573C180055C0B9 /* PurchaseItemAttributeMultipliersGroups.json */,
				869CA33D256AA1F8000022F7 /* PurchaseAttributeMultiplierGroup.swift */,
				86A53C4C255735750055C0B9 /* PurchaseAttributes.json */,
				869CA341256AB15F000022F7 /* PurchaseAttribute.swift */,
			);
			path = Purchases;
			sourceTree = "<group>";
		};
		86D384A425569C2E00051019 /* App */ = {
			isa = PBXGroup;
			children = (
				86026285254D72EA0085ACD5 /* PurchaseCalculatorApp.swift */,
				86812DDF255589D100C1245E /* AppDelegate.swift */,
				868CCB2725582EA700C96CFD /* CoreDataManager.swift */,
				86B1EED62572A48F00526DE9 /* PropertyWrappers.swift */,
				868CCB3525583F6C00C96CFD /* NewUserViewModel.swift */,
				86E4B56E2568593200A52F51 /* PurchaseEvaluationViewModel.swift */,
				86E4B5742569148200A52F51 /* GlobalProtocols.swift */,
				862ED0732573BA5D005F4FCF /* GlobalModifiers.swift */,
				86685D0A2561603000F139D7 /* GlobalEnums.swift */,
			);
			path = App;
			sourceTree = "<group>";
		};
		86D384A725569C5F00051019 /* Views */ = {
			isa = PBXGroup;
			children = (
				86026287254D72EA0085ACD5 /* ContentView.swift */,
				862ED083257436C7005F4FCF /* Flow */,
				862ED07A2574362D005F4FCF /* Generic */,
				862ED084257436D6005F4FCF /* UIViewRepresentables */,
			);
			path = Views;
			sourceTree = "<group>";
		};
/* End PBXGroup section */

/* Begin PBXNativeTarget section */
		86026281254D72EA0085ACD5 /* PurchaseCalculator */ = {
			isa = PBXNativeTarget;
			buildConfigurationList = 860262A7254D72EC0085ACD5 /* Build configuration list for PBXNativeTarget "PurchaseCalculator" */;
			buildPhases = (
				8602627E254D72EA0085ACD5 /* Sources */,
				8602627F254D72EA0085ACD5 /* Frameworks */,
				86026280254D72EA0085ACD5 /* Resources */,
				86B1EEB12572A10100526DE9 /* Embed Frameworks */,
			);
			buildRules = (
			);
			dependencies = (
			);
			name = PurchaseCalculator;
			productName = PurchaseCalculator;
			productReference = 86026282254D72EA0085ACD5 /* PurchaseCalculator.app */;
			productType = "com.apple.product-type.application";
		};
		86026292254D72EC0085ACD5 /* PurchaseCalculatorTests */ = {
			isa = PBXNativeTarget;
			buildConfigurationList = 860262AA254D72EC0085ACD5 /* Build configuration list for PBXNativeTarget "PurchaseCalculatorTests" */;
			buildPhases = (
				8602628F254D72EC0085ACD5 /* Sources */,
				86026290254D72EC0085ACD5 /* Frameworks */,
				86026291254D72EC0085ACD5 /* Resources */,
			);
			buildRules = (
			);
			dependencies = (
				86026295254D72EC0085ACD5 /* PBXTargetDependency */,
			);
			name = PurchaseCalculatorTests;
			productName = PurchaseCalculatorTests;
			productReference = 86026293254D72EC0085ACD5 /* PurchaseCalculatorTests.xctest */;
			productType = "com.apple.product-type.bundle.unit-test";
		};
/* End PBXNativeTarget section */

/* Begin PBXProject section */
		8602627A254D72EA0085ACD5 /* Project object */ = {
			isa = PBXProject;
			attributes = {
				LastSwiftUpdateCheck = 1200;
				LastUpgradeCheck = 1200;
				TargetAttributes = {
					86026281254D72EA0085ACD5 = {
						CreatedOnToolsVersion = 12.0;
					};
					86026292254D72EC0085ACD5 = {
						CreatedOnToolsVersion = 12.0;
						TestTargetID = 86026281254D72EA0085ACD5;
					};
				};
			};
			buildConfigurationList = 8602627D254D72EA0085ACD5 /* Build configuration list for PBXProject "PurchaseCalculator" */;
			compatibilityVersion = "Xcode 9.3";
			developmentRegion = en;
			hasScannedForEncodings = 0;
			knownRegions = (
				en,
				Base,
			);
			mainGroup = 86026279254D72EA0085ACD5;
			productRefGroup = 86026283254D72EA0085ACD5 /* Products */;
			projectDirPath = "";
			projectReferences = (
				{
					ProductGroup = 86756BDB254DA6F200E31D5A /* Products */;
					ProjectRef = 86756BDA254DA6F200E31D5A /* SystemKit.xcodeproj */;
				},
			);
			projectRoot = "";
			targets = (
				86026281254D72EA0085ACD5 /* PurchaseCalculator */,
				86026292254D72EC0085ACD5 /* PurchaseCalculatorTests */,
			);
		};
/* End PBXProject section */

/* Begin PBXReferenceProxy section */
		86756BE0254DA6F200E31D5A /* SystemKit.framework */ = {
			isa = PBXReferenceProxy;
			fileType = wrapper.framework;
			path = SystemKit.framework;
			remoteRef = 86756BDF254DA6F200E31D5A /* PBXContainerItemProxy */;
			sourceTree = BUILT_PRODUCTS_DIR;
		};
		86756BE2254DA6F200E31D5A /* SystemKitTests.xctest */ = {
			isa = PBXReferenceProxy;
			fileType = wrapper.cfbundle;
			path = SystemKitTests.xctest;
			remoteRef = 86756BE1254DA6F200E31D5A /* PBXContainerItemProxy */;
			sourceTree = BUILT_PRODUCTS_DIR;
		};
/* End PBXReferenceProxy section */

/* Begin PBXResourcesBuildPhase section */
		86026280254D72EA0085ACD5 /* Resources */ = {
			isa = PBXResourcesBuildPhase;
			buildActionMask = 2147483647;
			files = (
				86A53C5025573C180055C0B9 /* PurchaseItemAttributeMultipliersGroups.json in Resources */,
				86446FD525582A3700D0AC5E /* PurchaseAttributeValueQuestions.json in Resources */,
				8602628D254D72EC0085ACD5 /* Preview Assets.xcassets in Resources */,
				86A53C4D255735760055C0B9 /* PurchaseAttributes.json in Resources */,
				86789F05254D9CE400A198C0 /* QuestionCategories.json in Resources */,
				86789DF3254D759F00A198C0 /* Questions.json in Resources */,
				86D384AA25569E7700051019 /* QuestionGroups.json in Resources */,
				86A53C362557333E0055C0B9 /* PurchaseCategories.json in Resources */,
				86A53C46255735040055C0B9 /* PurchaseItems.json in Resources */,
				86A53C242556AD6B0055C0B9 /* Assets.xcassets in Resources */,
			);
			runOnlyForDeploymentPostprocessing = 0;
		};
		86026291254D72EC0085ACD5 /* Resources */ = {
			isa = PBXResourcesBuildPhase;
			buildActionMask = 2147483647;
			files = (
				86789E41254D7C3600A198C0 /* Questions.json in Resources */,
			);
			runOnlyForDeploymentPostprocessing = 0;
		};
/* End PBXResourcesBuildPhase section */

/* Begin PBXSourcesBuildPhase section */
		8602627E254D72EA0085ACD5 /* Sources */ = {
			isa = PBXSourcesBuildPhase;
			buildActionMask = 2147483647;
			files = (
				868CCB452558446500C96CFD /* PurchaseAttributeValue+CoreDataClass.swift in Sources */,
				86812DDA255588EE00C1245E /* PurchaseCalculatorDataModel.xcdatamodeld in Sources */,
				86026288254D72EA0085ACD5 /* ContentView.swift in Sources */,
				868CCB2825582EA700C96CFD /* CoreDataManager.swift in Sources */,
				86DB14D925695A6C003BABD5 /* PurchaseItemDetailsView.swift in Sources */,
				869CA349256AB8D5000022F7 /* EvaluationManager.swift in Sources */,
				869CA342256AB15F000022F7 /* PurchaseAttribute.swift in Sources */,
				86D384AD25569F6C00051019 /* QuestionGroup.swift in Sources */,
				862ED0742573BA5D005F4FCF /* GlobalModifiers.swift in Sources */,
				869CA33E256AA1F8000022F7 /* PurchaseAttributeMultiplierGroup.swift in Sources */,
				86789F08254D9D5E00A198C0 /* PurchaseCategory.swift in Sources */,
				86E4B5752569148200A52F51 /* GlobalProtocols.swift in Sources */,
				86446FE725582CF300D0AC5E /* PotentialPurchase+CoreDataProperties.swift.swift in Sources */,
				86E4B56F2568593200A52F51 /* PurchaseEvaluationViewModel.swift in Sources */,
				86812DE0255589D100C1245E /* AppDelegate.swift in Sources */,
				86685D0B2561603000F139D7 /* GlobalEnums.swift in Sources */,
				868CCB3625583F6C00C96CFD /* NewUserViewModel.swift in Sources */,
				868CCB462558446500C96CFD /* PurchaseAttributeValue+CoreDataProperties.swift in Sources */,
				860262C3254D74260085ACD5 /* QuestionOption.swift in Sources */,
				86B1EED72572A48F00526DE9 /* PropertyWrappers.swift in Sources */,
				862ED0772573F3AC005F4FCF /* RowViewWithButton.swift in Sources */,
				86AA48A6256703C6007A7D75 /* PurchaseCategorySelectionView.swift in Sources */,
				860262BB254D739D0085ACD5 /* Question.swift in Sources */,
				86DB14CD256926C8003BABD5 /* PurchaseItemSelectionView.swift in Sources */,
				862ED08025743683005F4FCF /* NavigationLinkedRowView.swift in Sources */,
				868CCB472558446500C96CFD /* User+CoreDataClass.swift in Sources */,
				867E2A8B25559493002B618C /* PotentialPurchase+CoreDataClass.swift in Sources */,
				868CCB482558446500C96CFD /* User+CoreDataProperties.swift in Sources */,
				86026286254D72EA0085ACD5 /* PurchaseCalculatorApp.swift in Sources */,
				86987068254DAE8B0029B2DE /* Calculator.swift in Sources */,
				86DB14DF256A6953003BABD5 /* NoClipboardTextField.swift in Sources */,
				868CCB2D2558331700C96CFD /* NewUserView.swift in Sources */,
				862ED07C2574364C005F4FCF /* ListContainerView.swift in Sources */,
				86DB14D225692945003BABD5 /* PurchaseItem.swift in Sources */,
			);
			runOnlyForDeploymentPostprocessing = 0;
		};
		8602628F254D72EC0085ACD5 /* Sources */ = {
			isa = PBXSourcesBuildPhase;
			buildActionMask = 2147483647;
			files = (
				86026298254D72EC0085ACD5 /* PurchaseCalculatorTests.swift in Sources */,
			);
			runOnlyForDeploymentPostprocessing = 0;
		};
/* End PBXSourcesBuildPhase section */

/* Begin PBXTargetDependency section */
		86026295254D72EC0085ACD5 /* PBXTargetDependency */ = {
			isa = PBXTargetDependency;
			target = 86026281254D72EA0085ACD5 /* PurchaseCalculator */;
			targetProxy = 86026294254D72EC0085ACD5 /* PBXContainerItemProxy */;
		};
/* End PBXTargetDependency section */

/* Begin XCBuildConfiguration section */
		860262A5254D72EC0085ACD5 /* Debug */ = {
			isa = XCBuildConfiguration;
			buildSettings = {
				ALWAYS_SEARCH_USER_PATHS = NO;
				CLANG_ANALYZER_NONNULL = YES;
				CLANG_ANALYZER_NUMBER_OBJECT_CONVERSION = YES_AGGRESSIVE;
				CLANG_CXX_LANGUAGE_STANDARD = "gnu++14";
				CLANG_CXX_LIBRARY = "libc++";
				CLANG_ENABLE_MODULES = YES;
				CLANG_ENABLE_OBJC_ARC = YES;
				CLANG_ENABLE_OBJC_WEAK = YES;
				CLANG_WARN_BLOCK_CAPTURE_AUTORELEASING = YES;
				CLANG_WARN_BOOL_CONVERSION = YES;
				CLANG_WARN_COMMA = YES;
				CLANG_WARN_CONSTANT_CONVERSION = YES;
				CLANG_WARN_DEPRECATED_OBJC_IMPLEMENTATIONS = YES;
				CLANG_WARN_DIRECT_OBJC_ISA_USAGE = YES_ERROR;
				CLANG_WARN_DOCUMENTATION_COMMENTS = YES;
				CLANG_WARN_EMPTY_BODY = YES;
				CLANG_WARN_ENUM_CONVERSION = YES;
				CLANG_WARN_INFINITE_RECURSION = YES;
				CLANG_WARN_INT_CONVERSION = YES;
				CLANG_WARN_NON_LITERAL_NULL_CONVERSION = YES;
				CLANG_WARN_OBJC_IMPLICIT_RETAIN_SELF = YES;
				CLANG_WARN_OBJC_LITERAL_CONVERSION = YES;
				CLANG_WARN_OBJC_ROOT_CLASS = YES_ERROR;
				CLANG_WARN_QUOTED_INCLUDE_IN_FRAMEWORK_HEADER = YES;
				CLANG_WARN_RANGE_LOOP_ANALYSIS = YES;
				CLANG_WARN_STRICT_PROTOTYPES = YES;
				CLANG_WARN_SUSPICIOUS_MOVE = YES;
				CLANG_WARN_UNGUARDED_AVAILABILITY = YES_AGGRESSIVE;
				CLANG_WARN_UNREACHABLE_CODE = YES;
				CLANG_WARN__DUPLICATE_METHOD_MATCH = YES;
				COPY_PHASE_STRIP = NO;
				DEBUG_INFORMATION_FORMAT = dwarf;
				ENABLE_STRICT_OBJC_MSGSEND = YES;
				ENABLE_TESTABILITY = YES;
				FRAMEWORK_SEARCH_PATHS = "";
				GCC_C_LANGUAGE_STANDARD = gnu11;
				GCC_DYNAMIC_NO_PIC = NO;
				GCC_NO_COMMON_BLOCKS = YES;
				GCC_OPTIMIZATION_LEVEL = 0;
				GCC_PREPROCESSOR_DEFINITIONS = (
					"DEBUG=1",
					"$(inherited)",
				);
				GCC_WARN_64_TO_32_BIT_CONVERSION = YES;
				GCC_WARN_ABOUT_RETURN_TYPE = YES_ERROR;
				GCC_WARN_UNDECLARED_SELECTOR = YES;
				GCC_WARN_UNINITIALIZED_AUTOS = YES_AGGRESSIVE;
				GCC_WARN_UNUSED_FUNCTION = YES;
				GCC_WARN_UNUSED_VARIABLE = YES;
				IPHONEOS_DEPLOYMENT_TARGET = 14.1;
				MTL_ENABLE_DEBUG_INFO = INCLUDE_SOURCE;
				MTL_FAST_MATH = YES;
				ONLY_ACTIVE_ARCH = YES;
				SDKROOT = iphoneos;
				SWIFT_ACTIVE_COMPILATION_CONDITIONS = DEBUG;
				SWIFT_OPTIMIZATION_LEVEL = "-Onone";
			};
			name = Debug;
		};
		860262A6254D72EC0085ACD5 /* Release */ = {
			isa = XCBuildConfiguration;
			buildSettings = {
				ALWAYS_SEARCH_USER_PATHS = NO;
				CLANG_ANALYZER_NONNULL = YES;
				CLANG_ANALYZER_NUMBER_OBJECT_CONVERSION = YES_AGGRESSIVE;
				CLANG_CXX_LANGUAGE_STANDARD = "gnu++14";
				CLANG_CXX_LIBRARY = "libc++";
				CLANG_ENABLE_MODULES = YES;
				CLANG_ENABLE_OBJC_ARC = YES;
				CLANG_ENABLE_OBJC_WEAK = YES;
				CLANG_WARN_BLOCK_CAPTURE_AUTORELEASING = YES;
				CLANG_WARN_BOOL_CONVERSION = YES;
				CLANG_WARN_COMMA = YES;
				CLANG_WARN_CONSTANT_CONVERSION = YES;
				CLANG_WARN_DEPRECATED_OBJC_IMPLEMENTATIONS = YES;
				CLANG_WARN_DIRECT_OBJC_ISA_USAGE = YES_ERROR;
				CLANG_WARN_DOCUMENTATION_COMMENTS = YES;
				CLANG_WARN_EMPTY_BODY = YES;
				CLANG_WARN_ENUM_CONVERSION = YES;
				CLANG_WARN_INFINITE_RECURSION = YES;
				CLANG_WARN_INT_CONVERSION = YES;
				CLANG_WARN_NON_LITERAL_NULL_CONVERSION = YES;
				CLANG_WARN_OBJC_IMPLICIT_RETAIN_SELF = YES;
				CLANG_WARN_OBJC_LITERAL_CONVERSION = YES;
				CLANG_WARN_OBJC_ROOT_CLASS = YES_ERROR;
				CLANG_WARN_QUOTED_INCLUDE_IN_FRAMEWORK_HEADER = YES;
				CLANG_WARN_RANGE_LOOP_ANALYSIS = YES;
				CLANG_WARN_STRICT_PROTOTYPES = YES;
				CLANG_WARN_SUSPICIOUS_MOVE = YES;
				CLANG_WARN_UNGUARDED_AVAILABILITY = YES_AGGRESSIVE;
				CLANG_WARN_UNREACHABLE_CODE = YES;
				CLANG_WARN__DUPLICATE_METHOD_MATCH = YES;
				COPY_PHASE_STRIP = NO;
				DEBUG_INFORMATION_FORMAT = "dwarf-with-dsym";
				ENABLE_NS_ASSERTIONS = NO;
				ENABLE_STRICT_OBJC_MSGSEND = YES;
				FRAMEWORK_SEARCH_PATHS = "";
				GCC_C_LANGUAGE_STANDARD = gnu11;
				GCC_NO_COMMON_BLOCKS = YES;
				GCC_WARN_64_TO_32_BIT_CONVERSION = YES;
				GCC_WARN_ABOUT_RETURN_TYPE = YES_ERROR;
				GCC_WARN_UNDECLARED_SELECTOR = YES;
				GCC_WARN_UNINITIALIZED_AUTOS = YES_AGGRESSIVE;
				GCC_WARN_UNUSED_FUNCTION = YES;
				GCC_WARN_UNUSED_VARIABLE = YES;
				IPHONEOS_DEPLOYMENT_TARGET = 14.1;
				MTL_ENABLE_DEBUG_INFO = NO;
				MTL_FAST_MATH = YES;
				SDKROOT = iphoneos;
				SWIFT_COMPILATION_MODE = wholemodule;
				SWIFT_OPTIMIZATION_LEVEL = "-O";
				VALIDATE_PRODUCT = YES;
			};
			name = Release;
		};
		860262A8254D72EC0085ACD5 /* Debug */ = {
			isa = XCBuildConfiguration;
			buildSettings = {
				ASSETCATALOG_COMPILER_APPICON_NAME = AppIcon;
				ASSETCATALOG_COMPILER_GLOBAL_ACCENT_COLOR_NAME = AccentColor;
				CODE_SIGN_STYLE = Automatic;
				CURRENT_PROJECT_VERSION = 2;
				DEVELOPMENT_ASSET_PATHS = "\"PurchaseCalculator/Preview Content\"";
				DEVELOPMENT_TEAM = ZUT4ATB28X;
				ENABLE_PREVIEWS = YES;
				INFOPLIST_FILE = PurchaseCalculator/Info.plist;
				IPHONEOS_DEPLOYMENT_TARGET = 14.0;
				LD_RUNPATH_SEARCH_PATHS = (
					"$(inherited)",
					"@executable_path/Frameworks",
				);
				PRODUCT_BUNDLE_IDENTIFIER = com.SixEye.purchaseCalculator;
				PRODUCT_NAME = "$(TARGET_NAME)";
				SWIFT_VERSION = 5.0;
				TARGETED_DEVICE_FAMILY = 1;
			};
			name = Debug;
		};
		860262A9254D72EC0085ACD5 /* Release */ = {
			isa = XCBuildConfiguration;
			buildSettings = {
				ASSETCATALOG_COMPILER_APPICON_NAME = AppIcon;
				ASSETCATALOG_COMPILER_GLOBAL_ACCENT_COLOR_NAME = AccentColor;
				CODE_SIGN_STYLE = Automatic;
				CURRENT_PROJECT_VERSION = 2;
				DEVELOPMENT_ASSET_PATHS = "\"PurchaseCalculator/Preview Content\"";
				DEVELOPMENT_TEAM = ZUT4ATB28X;
				ENABLE_PREVIEWS = YES;
				INFOPLIST_FILE = PurchaseCalculator/Info.plist;
				IPHONEOS_DEPLOYMENT_TARGET = 14.0;
				LD_RUNPATH_SEARCH_PATHS = (
					"$(inherited)",
					"@executable_path/Frameworks",
				);
				PRODUCT_BUNDLE_IDENTIFIER = com.SixEye.purchaseCalculator;
				PRODUCT_NAME = "$(TARGET_NAME)";
				SWIFT_VERSION = 5.0;
				TARGETED_DEVICE_FAMILY = 1;
			};
			name = Release;
		};
		860262AB254D72EC0085ACD5 /* Debug */ = {
			isa = XCBuildConfiguration;
			buildSettings = {
				ALWAYS_EMBED_SWIFT_STANDARD_LIBRARIES = YES;
				BUNDLE_LOADER = "$(TEST_HOST)";
				CODE_SIGN_STYLE = Automatic;
				DEVELOPMENT_TEAM = ZUT4ATB28X;
				INFOPLIST_FILE = PurchaseCalculatorTests/Info.plist;
				IPHONEOS_DEPLOYMENT_TARGET = 14.0;
				LD_RUNPATH_SEARCH_PATHS = (
					"$(inherited)",
					"@executable_path/Frameworks",
					"@loader_path/Frameworks",
				);
				PRODUCT_BUNDLE_IDENTIFIER = com.henry.PurchaseCalculatorTests;
				PRODUCT_NAME = "$(TARGET_NAME)";
				SWIFT_VERSION = 5.0;
				TARGETED_DEVICE_FAMILY = "1,2";
				TEST_HOST = "$(BUILT_PRODUCTS_DIR)/PurchaseCalculator.app/PurchaseCalculator";
			};
			name = Debug;
		};
		860262AC254D72EC0085ACD5 /* Release */ = {
			isa = XCBuildConfiguration;
			buildSettings = {
				ALWAYS_EMBED_SWIFT_STANDARD_LIBRARIES = YES;
				BUNDLE_LOADER = "$(TEST_HOST)";
				CODE_SIGN_STYLE = Automatic;
				DEVELOPMENT_TEAM = ZUT4ATB28X;
				INFOPLIST_FILE = PurchaseCalculatorTests/Info.plist;
				IPHONEOS_DEPLOYMENT_TARGET = 14.0;
				LD_RUNPATH_SEARCH_PATHS = (
					"$(inherited)",
					"@executable_path/Frameworks",
					"@loader_path/Frameworks",
				);
				PRODUCT_BUNDLE_IDENTIFIER = com.henry.PurchaseCalculatorTests;
				PRODUCT_NAME = "$(TARGET_NAME)";
				SWIFT_VERSION = 5.0;
				TARGETED_DEVICE_FAMILY = "1,2";
				TEST_HOST = "$(BUILT_PRODUCTS_DIR)/PurchaseCalculator.app/PurchaseCalculator";
			};
			name = Release;
		};
		86B1EEBC2572A1DB00526DE9 /* DebugEphemeral */ = {
			isa = XCBuildConfiguration;
			buildSettings = {
				ALWAYS_SEARCH_USER_PATHS = NO;
				CLANG_ANALYZER_NONNULL = YES;
				CLANG_ANALYZER_NUMBER_OBJECT_CONVERSION = YES_AGGRESSIVE;
				CLANG_CXX_LANGUAGE_STANDARD = "gnu++14";
				CLANG_CXX_LIBRARY = "libc++";
				CLANG_ENABLE_MODULES = YES;
				CLANG_ENABLE_OBJC_ARC = YES;
				CLANG_ENABLE_OBJC_WEAK = YES;
				CLANG_WARN_BLOCK_CAPTURE_AUTORELEASING = YES;
				CLANG_WARN_BOOL_CONVERSION = YES;
				CLANG_WARN_COMMA = YES;
				CLANG_WARN_CONSTANT_CONVERSION = YES;
				CLANG_WARN_DEPRECATED_OBJC_IMPLEMENTATIONS = YES;
				CLANG_WARN_DIRECT_OBJC_ISA_USAGE = YES_ERROR;
				CLANG_WARN_DOCUMENTATION_COMMENTS = YES;
				CLANG_WARN_EMPTY_BODY = YES;
				CLANG_WARN_ENUM_CONVERSION = YES;
				CLANG_WARN_INFINITE_RECURSION = YES;
				CLANG_WARN_INT_CONVERSION = YES;
				CLANG_WARN_NON_LITERAL_NULL_CONVERSION = YES;
				CLANG_WARN_OBJC_IMPLICIT_RETAIN_SELF = YES;
				CLANG_WARN_OBJC_LITERAL_CONVERSION = YES;
				CLANG_WARN_OBJC_ROOT_CLASS = YES_ERROR;
				CLANG_WARN_QUOTED_INCLUDE_IN_FRAMEWORK_HEADER = YES;
				CLANG_WARN_RANGE_LOOP_ANALYSIS = YES;
				CLANG_WARN_STRICT_PROTOTYPES = YES;
				CLANG_WARN_SUSPICIOUS_MOVE = YES;
				CLANG_WARN_UNGUARDED_AVAILABILITY = YES_AGGRESSIVE;
				CLANG_WARN_UNREACHABLE_CODE = YES;
				CLANG_WARN__DUPLICATE_METHOD_MATCH = YES;
				COPY_PHASE_STRIP = NO;
				DEBUG_INFORMATION_FORMAT = dwarf;
				ENABLE_STRICT_OBJC_MSGSEND = YES;
				ENABLE_TESTABILITY = YES;
				FRAMEWORK_SEARCH_PATHS = "";
				GCC_C_LANGUAGE_STANDARD = gnu11;
				GCC_DYNAMIC_NO_PIC = NO;
				GCC_NO_COMMON_BLOCKS = YES;
				GCC_OPTIMIZATION_LEVEL = 0;
				GCC_PREPROCESSOR_DEFINITIONS = (
					"DEBUG=1",
					"$(inherited)",
				);
				GCC_WARN_64_TO_32_BIT_CONVERSION = YES;
				GCC_WARN_ABOUT_RETURN_TYPE = YES_ERROR;
				GCC_WARN_UNDECLARED_SELECTOR = YES;
				GCC_WARN_UNINITIALIZED_AUTOS = YES_AGGRESSIVE;
				GCC_WARN_UNUSED_FUNCTION = YES;
				GCC_WARN_UNUSED_VARIABLE = YES;
				IPHONEOS_DEPLOYMENT_TARGET = 14.1;
				MTL_ENABLE_DEBUG_INFO = INCLUDE_SOURCE;
				MTL_FAST_MATH = YES;
				ONLY_ACTIVE_ARCH = YES;
				SDKROOT = iphoneos;
				SWIFT_ACTIVE_COMPILATION_CONDITIONS = DEBUG;
				SWIFT_OPTIMIZATION_LEVEL = "-Onone";
			};
			name = DebugEphemeral;
		};
		86B1EEBD2572A1DB00526DE9 /* DebugEphemeral */ = {
			isa = XCBuildConfiguration;
			buildSettings = {
				ASSETCATALOG_COMPILER_APPICON_NAME = AppIcon;
				ASSETCATALOG_COMPILER_GLOBAL_ACCENT_COLOR_NAME = AccentColor;
				CODE_SIGN_STYLE = Automatic;
				CURRENT_PROJECT_VERSION = 2;
				DEVELOPMENT_ASSET_PATHS = "\"PurchaseCalculator/Preview Content\"";
				DEVELOPMENT_TEAM = ZUT4ATB28X;
				ENABLE_PREVIEWS = YES;
				INFOPLIST_FILE = PurchaseCalculator/Info.plist;
				IPHONEOS_DEPLOYMENT_TARGET = 14.0;
				LD_RUNPATH_SEARCH_PATHS = (
					"$(inherited)",
					"@executable_path/Frameworks",
				);
				OTHER_SWIFT_FLAGS = "-D EPHEMERAL";
				PRODUCT_BUNDLE_IDENTIFIER = com.SixEye.purchaseCalculator;
				PRODUCT_NAME = "$(TARGET_NAME)";
				SWIFT_VERSION = 5.0;
				TARGETED_DEVICE_FAMILY = 1;
			};
			name = DebugEphemeral;
		};
		86B1EEBE2572A1DB00526DE9 /* DebugEphemeral */ = {
			isa = XCBuildConfiguration;
			buildSettings = {
				ALWAYS_EMBED_SWIFT_STANDARD_LIBRARIES = YES;
				BUNDLE_LOADER = "$(TEST_HOST)";
				CODE_SIGN_STYLE = Automatic;
				DEVELOPMENT_TEAM = ZUT4ATB28X;
				INFOPLIST_FILE = PurchaseCalculatorTests/Info.plist;
				IPHONEOS_DEPLOYMENT_TARGET = 14.0;
				LD_RUNPATH_SEARCH_PATHS = (
					"$(inherited)",
					"@executable_path/Frameworks",
					"@loader_path/Frameworks",
				);
				PRODUCT_BUNDLE_IDENTIFIER = com.henry.PurchaseCalculatorTests;
				PRODUCT_NAME = "$(TARGET_NAME)";
				SWIFT_VERSION = 5.0;
				TARGETED_DEVICE_FAMILY = "1,2";
				TEST_HOST = "$(BUILT_PRODUCTS_DIR)/PurchaseCalculator.app/PurchaseCalculator";
			};
			name = DebugEphemeral;
		};
/* End XCBuildConfiguration section */

/* Begin XCConfigurationList section */
		8602627D254D72EA0085ACD5 /* Build configuration list for PBXProject "PurchaseCalculator" */ = {
			isa = XCConfigurationList;
			buildConfigurations = (
				860262A5254D72EC0085ACD5 /* Debug */,
				86B1EEBC2572A1DB00526DE9 /* DebugEphemeral */,
				860262A6254D72EC0085ACD5 /* Release */,
			);
			defaultConfigurationIsVisible = 0;
			defaultConfigurationName = Release;
		};
		860262A7254D72EC0085ACD5 /* Build configuration list for PBXNativeTarget "PurchaseCalculator" */ = {
			isa = XCConfigurationList;
			buildConfigurations = (
				860262A8254D72EC0085ACD5 /* Debug */,
				86B1EEBD2572A1DB00526DE9 /* DebugEphemeral */,
				860262A9254D72EC0085ACD5 /* Release */,
			);
			defaultConfigurationIsVisible = 0;
			defaultConfigurationName = Release;
		};
		860262AA254D72EC0085ACD5 /* Build configuration list for PBXNativeTarget "PurchaseCalculatorTests" */ = {
			isa = XCConfigurationList;
			buildConfigurations = (
				860262AB254D72EC0085ACD5 /* Debug */,
				86B1EEBE2572A1DB00526DE9 /* DebugEphemeral */,
				860262AC254D72EC0085ACD5 /* Release */,
			);
			defaultConfigurationIsVisible = 0;
			defaultConfigurationName = Release;
		};
/* End XCConfigurationList section */

/* Begin XCVersionGroup section */
		86812DD8255588EE00C1245E /* PurchaseCalculatorDataModel.xcdatamodeld */ = {
			isa = XCVersionGroup;
			children = (
				86812DD9255588EE00C1245E /* PurchaseCalculatorDataModel.xcdatamodel */,
			);
			currentVersion = 86812DD9255588EE00C1245E /* PurchaseCalculatorDataModel.xcdatamodel */;
			path = PurchaseCalculatorDataModel.xcdatamodeld;
			sourceTree = "<group>";
			versionGroupType = wrapper.xcdatamodel;
		};
/* End XCVersionGroup section */
	};
	rootObject = 8602627A254D72EA0085ACD5 /* Project object */;
}
